
Microsoft Visual Studio Solution File, Format Version 12.00
# Visual Studio 2013
VisualStudioVersion = 12.0.31101.0
MinimumVisualStudioVersion = 10.0.40219.1
Project("{2150E333-8FDC-42A3-9474-1A3956D46DE8}") = "Deploy", "Deploy", "{A0B28E32-7BB3-4465-9B77-8BCF06C68581}"
EndProject
Project("{FAE04EC0-301F-11D3-BF4B-00C04F79EFBC}") = "CodeRefractor.Compiler", "MsilCodeCompiler\CodeRefractor.Compiler.csproj", "{EE8B9057-95F4-4AB9-BC91-F0ED3D56FE38}"
	ProjectSection(ProjectDependencies) = postProject
		{25423DB3-1CAF-42AF-9122-8922DA6A2E53} = {25423DB3-1CAF-42AF-9122-8922DA6A2E53}
	EndProjectSection
EndProject
Project("{FAE04EC0-301F-11D3-BF4B-00C04F79EFBC}") = "SimpleAdditions", "VmTests\Projects\SimpleAdditions\SimpleAdditions.csproj", "{25423DB3-1CAF-42AF-9122-8922DA6A2E53}"
EndProject
Project("{2150E333-8FDC-42A3-9474-1A3956D46DE8}") = "Libraries", "Libraries", "{2F7063CF-FFF5-4F2E-9643-1ACB96A889E5}"
EndProject
Project("{FAE04EC0-301F-11D3-BF4B-00C04F79EFBC}") = "CodeRefactor.OpenRuntime", "Common\CodeRefactor.OpenRuntime\CodeRefactor.OpenRuntime.csproj", "{6C4BC5D1-CE1E-4152-AB7D-0EE10C64496D}"
EndProject
Project("{2150E333-8FDC-42A3-9474-1A3956D46DE8}") = "Compiler", "Compiler", "{64825421-C03C-4F00-92D9-1A3822D4022F}"
EndProject
Project("{FAE04EC0-301F-11D3-BF4B-00C04F79EFBC}") = "CodeRefractor.Compiler.Internals", "Common\CodeRefractor.RuntimeBase\CodeRefractor.Compiler.Internals.csproj", "{10CEF783-53C3-42A7-940A-73773A2AF24F}"
EndProject
Project("{FAE04EC0-301F-11D3-BF4B-00C04F79EFBC}") = "Mono.Reflection", "Lib\mono.reflection-master\Mono.Reflection.csproj", "{97B010AB-0756-46DC-B75A-7A6C4F6FF28D}"
EndProject
Project("{2150E333-8FDC-42A3-9474-1A3956D46DE8}") = "Views", "Views", "{BA2C624C-A9B0-4DB1-81B2-C9400171914A}"
EndProject
Project("{FAE04EC0-301F-11D3-BF4B-00C04F79EFBC}") = "MsilCodeCompiler.Tests", "VmTests\MsilCodeCompiler.Tests\MsilCodeCompiler.Tests.csproj", "{D5B3D733-B6AB-4574-ABFF-651A5BBC3B33}"
EndProject
Project("{FAE04EC0-301F-11D3-BF4B-00C04F79EFBC}") = "VisualCompiler", "VisualCompiler\VisualCompiler.csproj", "{A0C8027A-A2AE-43D1-BC76-52B3A235D05B}"
EndProject
Project("{2150E333-8FDC-42A3-9474-1A3956D46DE8}") = "CodeCompletion", "CodeCompletion", "{76470B8C-EE8C-41F3-B7E7-9F527EA9468A}"
EndProject
Project("{FAE04EC0-301F-11D3-BF4B-00C04F79EFBC}") = "ICSharpCode.AvalonEdit", "Lib\NRefactory-Completion\Src\ICSharpCode.AvalonEdit\ICSharpCode.AvalonEdit.csproj", "{6C55B776-26D4-4DB3-A6AB-87E783B2F3D1}"
EndProject
Project("{FAE04EC0-301F-11D3-BF4B-00C04F79EFBC}") = "ICSharpCode.CodeCompletion", "Lib\NRefactory-Completion\Src\ICSharpCode.CodeCompletion\ICSharpCode.CodeCompletion.csproj", "{82C28FBB-0408-466A-BE20-BD4A3CE76A75}"
EndProject
Project("{FAE04EC0-301F-11D3-BF4B-00C04F79EFBC}") = "ICSharpCode.CodeCompletion.Sample", "Lib\NRefactory-Completion\Src\ICSharpCode.CodeCompletion.Sample\ICSharpCode.CodeCompletion.Sample.csproj", "{D5E8C55C-AA74-44ED-8B1F-DC4FD375D32F}"
EndProject
Global
	GlobalSection(SolutionConfigurationPlatforms) = preSolution
		Debug|Any CPU = Debug|Any CPU
		Debug|Mixed Platforms = Debug|Mixed Platforms
		Debug|Win32 = Debug|Win32
		Debug|x86 = Debug|x86
		net_2_0_Debug|Any CPU = net_2_0_Debug|Any CPU
		net_2_0_Debug|Mixed Platforms = net_2_0_Debug|Mixed Platforms
		net_2_0_Debug|Win32 = net_2_0_Debug|Win32
		net_2_0_Debug|x86 = net_2_0_Debug|x86
		net_2_0_Release|Any CPU = net_2_0_Release|Any CPU
		net_2_0_Release|Mixed Platforms = net_2_0_Release|Mixed Platforms
		net_2_0_Release|Win32 = net_2_0_Release|Win32
		net_2_0_Release|x86 = net_2_0_Release|x86
		net_3_5_Debug|Any CPU = net_3_5_Debug|Any CPU
		net_3_5_Debug|Mixed Platforms = net_3_5_Debug|Mixed Platforms
		net_3_5_Debug|Win32 = net_3_5_Debug|Win32
		net_3_5_Debug|x86 = net_3_5_Debug|x86
		net_3_5_Release|Any CPU = net_3_5_Release|Any CPU
		net_3_5_Release|Mixed Platforms = net_3_5_Release|Mixed Platforms
		net_3_5_Release|Win32 = net_3_5_Release|Win32
		net_3_5_Release|x86 = net_3_5_Release|x86
		net_4_0_Debug|Any CPU = net_4_0_Debug|Any CPU
		net_4_0_Debug|Mixed Platforms = net_4_0_Debug|Mixed Platforms
		net_4_0_Debug|Win32 = net_4_0_Debug|Win32
		net_4_0_Debug|x86 = net_4_0_Debug|x86
		net_4_0_Release|Any CPU = net_4_0_Release|Any CPU
		net_4_0_Release|Mixed Platforms = net_4_0_Release|Mixed Platforms
		net_4_0_Release|Win32 = net_4_0_Release|Win32
		net_4_0_Release|x86 = net_4_0_Release|x86
		OpenRaTryCompile|Any CPU = OpenRaTryCompile|Any CPU
		OpenRaTryCompile|Mixed Platforms = OpenRaTryCompile|Mixed Platforms
		OpenRaTryCompile|Win32 = OpenRaTryCompile|Win32
		OpenRaTryCompile|x86 = OpenRaTryCompile|x86
		Release|Any CPU = Release|Any CPU
		Release|Mixed Platforms = Release|Mixed Platforms
		Release|Win32 = Release|Win32
		Release|x86 = Release|x86
		silverlight_Debug|Any CPU = silverlight_Debug|Any CPU
		silverlight_Debug|Mixed Platforms = silverlight_Debug|Mixed Platforms
		silverlight_Debug|Win32 = silverlight_Debug|Win32
		silverlight_Debug|x86 = silverlight_Debug|x86
		silverlight_Release|Any CPU = silverlight_Release|Any CPU
		silverlight_Release|Mixed Platforms = silverlight_Release|Mixed Platforms
		silverlight_Release|Win32 = silverlight_Release|Win32
		silverlight_Release|x86 = silverlight_Release|x86
		winphone_Debug|Any CPU = winphone_Debug|Any CPU
		winphone_Debug|Mixed Platforms = winphone_Debug|Mixed Platforms
		winphone_Debug|Win32 = winphone_Debug|Win32
		winphone_Debug|x86 = winphone_Debug|x86
		winphone_Release|Any CPU = winphone_Release|Any CPU
		winphone_Release|Mixed Platforms = winphone_Release|Mixed Platforms
		winphone_Release|Win32 = winphone_Release|Win32
		winphone_Release|x86 = winphone_Release|x86
	EndGlobalSection
	GlobalSection(ProjectConfigurationPlatforms) = postSolution
		{EE8B9057-95F4-4AB9-BC91-F0ED3D56FE38}.Debug|Any CPU.ActiveCfg = Debug|x86
		{EE8B9057-95F4-4AB9-BC91-F0ED3D56FE38}.Debug|Any CPU.Build.0 = Debug|x86
		{EE8B9057-95F4-4AB9-BC91-F0ED3D56FE38}.Debug|Mixed Platforms.ActiveCfg = Debug|x86
		{EE8B9057-95F4-4AB9-BC91-F0ED3D56FE38}.Debug|Mixed Platforms.Build.0 = Debug|x86
		{EE8B9057-95F4-4AB9-BC91-F0ED3D56FE38}.Debug|Win32.ActiveCfg = Debug|x86
		{EE8B9057-95F4-4AB9-BC91-F0ED3D56FE38}.Debug|x86.ActiveCfg = Debug|x86
		{EE8B9057-95F4-4AB9-BC91-F0ED3D56FE38}.Debug|x86.Build.0 = Debug|x86
		{EE8B9057-95F4-4AB9-BC91-F0ED3D56FE38}.net_2_0_Debug|Any CPU.ActiveCfg = OpenRaTryCompile|Any CPU
		{EE8B9057-95F4-4AB9-BC91-F0ED3D56FE38}.net_2_0_Debug|Mixed Platforms.ActiveCfg = Debug|x86
		{EE8B9057-95F4-4AB9-BC91-F0ED3D56FE38}.net_2_0_Debug|Win32.ActiveCfg = Debug|x86
		{EE8B9057-95F4-4AB9-BC91-F0ED3D56FE38}.net_2_0_Debug|x86.ActiveCfg = Debug|x86
		{EE8B9057-95F4-4AB9-BC91-F0ED3D56FE38}.net_2_0_Release|Any CPU.ActiveCfg = OpenRaTryCompile|Any CPU
		{EE8B9057-95F4-4AB9-BC91-F0ED3D56FE38}.net_2_0_Release|Mixed Platforms.ActiveCfg = Release|x86
		{EE8B9057-95F4-4AB9-BC91-F0ED3D56FE38}.net_2_0_Release|Win32.ActiveCfg = Release|x86
		{EE8B9057-95F4-4AB9-BC91-F0ED3D56FE38}.net_2_0_Release|x86.ActiveCfg = Release|x86
		{EE8B9057-95F4-4AB9-BC91-F0ED3D56FE38}.net_3_5_Debug|Any CPU.ActiveCfg = OpenRaTryCompile|Any CPU
		{EE8B9057-95F4-4AB9-BC91-F0ED3D56FE38}.net_3_5_Debug|Mixed Platforms.ActiveCfg = Debug|x86
		{EE8B9057-95F4-4AB9-BC91-F0ED3D56FE38}.net_3_5_Debug|Win32.ActiveCfg = Debug|x86
		{EE8B9057-95F4-4AB9-BC91-F0ED3D56FE38}.net_3_5_Debug|x86.ActiveCfg = Debug|x86
		{EE8B9057-95F4-4AB9-BC91-F0ED3D56FE38}.net_3_5_Release|Any CPU.ActiveCfg = OpenRaTryCompile|Any CPU
		{EE8B9057-95F4-4AB9-BC91-F0ED3D56FE38}.net_3_5_Release|Mixed Platforms.ActiveCfg = Release|x86
		{EE8B9057-95F4-4AB9-BC91-F0ED3D56FE38}.net_3_5_Release|Win32.ActiveCfg = Release|x86
		{EE8B9057-95F4-4AB9-BC91-F0ED3D56FE38}.net_3_5_Release|x86.ActiveCfg = Release|x86
		{EE8B9057-95F4-4AB9-BC91-F0ED3D56FE38}.net_4_0_Debug|Any CPU.ActiveCfg = OpenRaTryCompile|Any CPU
		{EE8B9057-95F4-4AB9-BC91-F0ED3D56FE38}.net_4_0_Debug|Mixed Platforms.ActiveCfg = Debug|x86
		{EE8B9057-95F4-4AB9-BC91-F0ED3D56FE38}.net_4_0_Debug|Win32.ActiveCfg = Debug|x86
		{EE8B9057-95F4-4AB9-BC91-F0ED3D56FE38}.net_4_0_Debug|x86.ActiveCfg = Debug|x86
		{EE8B9057-95F4-4AB9-BC91-F0ED3D56FE38}.net_4_0_Release|Any CPU.ActiveCfg = OpenRaTryCompile|Any CPU
		{EE8B9057-95F4-4AB9-BC91-F0ED3D56FE38}.net_4_0_Release|Mixed Platforms.ActiveCfg = Release|x86
		{EE8B9057-95F4-4AB9-BC91-F0ED3D56FE38}.net_4_0_Release|Win32.ActiveCfg = Release|x86
		{EE8B9057-95F4-4AB9-BC91-F0ED3D56FE38}.net_4_0_Release|x86.ActiveCfg = Release|x86
		{EE8B9057-95F4-4AB9-BC91-F0ED3D56FE38}.OpenRaTryCompile|Any CPU.ActiveCfg = OpenRaTryCompile|Any CPU
		{EE8B9057-95F4-4AB9-BC91-F0ED3D56FE38}.OpenRaTryCompile|Any CPU.Build.0 = OpenRaTryCompile|Any CPU
		{EE8B9057-95F4-4AB9-BC91-F0ED3D56FE38}.OpenRaTryCompile|Mixed Platforms.ActiveCfg = OpenRaTryCompile|x86
		{EE8B9057-95F4-4AB9-BC91-F0ED3D56FE38}.OpenRaTryCompile|Mixed Platforms.Build.0 = OpenRaTryCompile|x86
		{EE8B9057-95F4-4AB9-BC91-F0ED3D56FE38}.OpenRaTryCompile|Win32.ActiveCfg = OpenRaTryCompile|x86
		{EE8B9057-95F4-4AB9-BC91-F0ED3D56FE38}.OpenRaTryCompile|Win32.Build.0 = OpenRaTryCompile|x86
		{EE8B9057-95F4-4AB9-BC91-F0ED3D56FE38}.OpenRaTryCompile|x86.ActiveCfg = OpenRaTryCompile|x86
		{EE8B9057-95F4-4AB9-BC91-F0ED3D56FE38}.OpenRaTryCompile|x86.Build.0 = OpenRaTryCompile|x86
		{EE8B9057-95F4-4AB9-BC91-F0ED3D56FE38}.Release|Any CPU.ActiveCfg = Release|x86
		{EE8B9057-95F4-4AB9-BC91-F0ED3D56FE38}.Release|Mixed Platforms.ActiveCfg = Release|x86
		{EE8B9057-95F4-4AB9-BC91-F0ED3D56FE38}.Release|Mixed Platforms.Build.0 = Release|x86
		{EE8B9057-95F4-4AB9-BC91-F0ED3D56FE38}.Release|Win32.ActiveCfg = Release|x86
		{EE8B9057-95F4-4AB9-BC91-F0ED3D56FE38}.Release|x86.ActiveCfg = Release|x86
		{EE8B9057-95F4-4AB9-BC91-F0ED3D56FE38}.Release|x86.Build.0 = Release|x86
		{EE8B9057-95F4-4AB9-BC91-F0ED3D56FE38}.silverlight_Debug|Any CPU.ActiveCfg = OpenRaTryCompile|Any CPU
		{EE8B9057-95F4-4AB9-BC91-F0ED3D56FE38}.silverlight_Debug|Mixed Platforms.ActiveCfg = Debug|x86
		{EE8B9057-95F4-4AB9-BC91-F0ED3D56FE38}.silverlight_Debug|Win32.ActiveCfg = Debug|x86
		{EE8B9057-95F4-4AB9-BC91-F0ED3D56FE38}.silverlight_Debug|x86.ActiveCfg = Debug|x86
		{EE8B9057-95F4-4AB9-BC91-F0ED3D56FE38}.silverlight_Release|Any CPU.ActiveCfg = OpenRaTryCompile|Any CPU
		{EE8B9057-95F4-4AB9-BC91-F0ED3D56FE38}.silverlight_Release|Mixed Platforms.ActiveCfg = Release|x86
		{EE8B9057-95F4-4AB9-BC91-F0ED3D56FE38}.silverlight_Release|Win32.ActiveCfg = Release|x86
		{EE8B9057-95F4-4AB9-BC91-F0ED3D56FE38}.silverlight_Release|x86.ActiveCfg = Release|x86
		{EE8B9057-95F4-4AB9-BC91-F0ED3D56FE38}.winphone_Debug|Any CPU.ActiveCfg = OpenRaTryCompile|Any CPU
		{EE8B9057-95F4-4AB9-BC91-F0ED3D56FE38}.winphone_Debug|Mixed Platforms.ActiveCfg = Debug|x86
		{EE8B9057-95F4-4AB9-BC91-F0ED3D56FE38}.winphone_Debug|Win32.ActiveCfg = Debug|x86
		{EE8B9057-95F4-4AB9-BC91-F0ED3D56FE38}.winphone_Debug|x86.ActiveCfg = Debug|x86
		{EE8B9057-95F4-4AB9-BC91-F0ED3D56FE38}.winphone_Release|Any CPU.ActiveCfg = OpenRaTryCompile|Any CPU
		{EE8B9057-95F4-4AB9-BC91-F0ED3D56FE38}.winphone_Release|Mixed Platforms.ActiveCfg = Release|x86
		{EE8B9057-95F4-4AB9-BC91-F0ED3D56FE38}.winphone_Release|Win32.ActiveCfg = Release|x86
		{EE8B9057-95F4-4AB9-BC91-F0ED3D56FE38}.winphone_Release|x86.ActiveCfg = Release|x86
		{25423DB3-1CAF-42AF-9122-8922DA6A2E53}.Debug|Any CPU.ActiveCfg = Debug|Any CPU
		{25423DB3-1CAF-42AF-9122-8922DA6A2E53}.Debug|Any CPU.Build.0 = Debug|Any CPU
		{25423DB3-1CAF-42AF-9122-8922DA6A2E53}.Debug|Mixed Platforms.ActiveCfg = Debug|x86
		{25423DB3-1CAF-42AF-9122-8922DA6A2E53}.Debug|Mixed Platforms.Build.0 = Debug|x86
		{25423DB3-1CAF-42AF-9122-8922DA6A2E53}.Debug|Win32.ActiveCfg = Debug|x86
		{25423DB3-1CAF-42AF-9122-8922DA6A2E53}.Debug|x86.ActiveCfg = Debug|x86
		{25423DB3-1CAF-42AF-9122-8922DA6A2E53}.Debug|x86.Build.0 = Debug|x86
		{25423DB3-1CAF-42AF-9122-8922DA6A2E53}.net_2_0_Debug|Any CPU.ActiveCfg = Debug|x86
		{25423DB3-1CAF-42AF-9122-8922DA6A2E53}.net_2_0_Debug|Mixed Platforms.ActiveCfg = Debug|x86
		{25423DB3-1CAF-42AF-9122-8922DA6A2E53}.net_2_0_Debug|Win32.ActiveCfg = Debug|x86
		{25423DB3-1CAF-42AF-9122-8922DA6A2E53}.net_2_0_Debug|x86.ActiveCfg = Debug|x86
		{25423DB3-1CAF-42AF-9122-8922DA6A2E53}.net_2_0_Release|Any CPU.ActiveCfg = Release|x86
		{25423DB3-1CAF-42AF-9122-8922DA6A2E53}.net_2_0_Release|Mixed Platforms.ActiveCfg = Release|x86
		{25423DB3-1CAF-42AF-9122-8922DA6A2E53}.net_2_0_Release|Win32.ActiveCfg = Release|x86
		{25423DB3-1CAF-42AF-9122-8922DA6A2E53}.net_2_0_Release|x86.ActiveCfg = Release|x86
		{25423DB3-1CAF-42AF-9122-8922DA6A2E53}.net_3_5_Debug|Any CPU.ActiveCfg = Debug|x86
		{25423DB3-1CAF-42AF-9122-8922DA6A2E53}.net_3_5_Debug|Mixed Platforms.ActiveCfg = Debug|x86
		{25423DB3-1CAF-42AF-9122-8922DA6A2E53}.net_3_5_Debug|Win32.ActiveCfg = Debug|x86
		{25423DB3-1CAF-42AF-9122-8922DA6A2E53}.net_3_5_Debug|x86.ActiveCfg = Debug|x86
		{25423DB3-1CAF-42AF-9122-8922DA6A2E53}.net_3_5_Release|Any CPU.ActiveCfg = Release|x86
		{25423DB3-1CAF-42AF-9122-8922DA6A2E53}.net_3_5_Release|Mixed Platforms.ActiveCfg = Release|x86
		{25423DB3-1CAF-42AF-9122-8922DA6A2E53}.net_3_5_Release|Win32.ActiveCfg = Release|x86
		{25423DB3-1CAF-42AF-9122-8922DA6A2E53}.net_3_5_Release|x86.ActiveCfg = Release|x86
		{25423DB3-1CAF-42AF-9122-8922DA6A2E53}.net_4_0_Debug|Any CPU.ActiveCfg = Debug|x86
		{25423DB3-1CAF-42AF-9122-8922DA6A2E53}.net_4_0_Debug|Mixed Platforms.ActiveCfg = Debug|x86
		{25423DB3-1CAF-42AF-9122-8922DA6A2E53}.net_4_0_Debug|Win32.ActiveCfg = Debug|x86
		{25423DB3-1CAF-42AF-9122-8922DA6A2E53}.net_4_0_Debug|x86.ActiveCfg = Debug|x86
		{25423DB3-1CAF-42AF-9122-8922DA6A2E53}.net_4_0_Release|Any CPU.ActiveCfg = Release|x86
		{25423DB3-1CAF-42AF-9122-8922DA6A2E53}.net_4_0_Release|Mixed Platforms.ActiveCfg = Release|x86
		{25423DB3-1CAF-42AF-9122-8922DA6A2E53}.net_4_0_Release|Win32.ActiveCfg = Release|x86
		{25423DB3-1CAF-42AF-9122-8922DA6A2E53}.net_4_0_Release|x86.ActiveCfg = Release|x86
		{25423DB3-1CAF-42AF-9122-8922DA6A2E53}.OpenRaTryCompile|Any CPU.ActiveCfg = Release|x86
		{25423DB3-1CAF-42AF-9122-8922DA6A2E53}.OpenRaTryCompile|Mixed Platforms.ActiveCfg = Release|x86
		{25423DB3-1CAF-42AF-9122-8922DA6A2E53}.OpenRaTryCompile|Mixed Platforms.Build.0 = Release|x86
		{25423DB3-1CAF-42AF-9122-8922DA6A2E53}.OpenRaTryCompile|Win32.ActiveCfg = Release|x86
		{25423DB3-1CAF-42AF-9122-8922DA6A2E53}.OpenRaTryCompile|Win32.Build.0 = Release|x86
		{25423DB3-1CAF-42AF-9122-8922DA6A2E53}.OpenRaTryCompile|x86.ActiveCfg = Release|x86
		{25423DB3-1CAF-42AF-9122-8922DA6A2E53}.OpenRaTryCompile|x86.Build.0 = Release|x86
		{25423DB3-1CAF-42AF-9122-8922DA6A2E53}.Release|Any CPU.ActiveCfg = Release|x86
		{25423DB3-1CAF-42AF-9122-8922DA6A2E53}.Release|Mixed Platforms.ActiveCfg = Release|x86
		{25423DB3-1CAF-42AF-9122-8922DA6A2E53}.Release|Mixed Platforms.Build.0 = Release|x86
		{25423DB3-1CAF-42AF-9122-8922DA6A2E53}.Release|Win32.ActiveCfg = Release|x86
		{25423DB3-1CAF-42AF-9122-8922DA6A2E53}.Release|x86.ActiveCfg = Release|x86
		{25423DB3-1CAF-42AF-9122-8922DA6A2E53}.Release|x86.Build.0 = Release|x86
		{25423DB3-1CAF-42AF-9122-8922DA6A2E53}.silverlight_Debug|Any CPU.ActiveCfg = Debug|x86
		{25423DB3-1CAF-42AF-9122-8922DA6A2E53}.silverlight_Debug|Mixed Platforms.ActiveCfg = Debug|x86
		{25423DB3-1CAF-42AF-9122-8922DA6A2E53}.silverlight_Debug|Win32.ActiveCfg = Debug|x86
		{25423DB3-1CAF-42AF-9122-8922DA6A2E53}.silverlight_Debug|x86.ActiveCfg = Debug|x86
		{25423DB3-1CAF-42AF-9122-8922DA6A2E53}.silverlight_Release|Any CPU.ActiveCfg = Release|x86
		{25423DB3-1CAF-42AF-9122-8922DA6A2E53}.silverlight_Release|Mixed Platforms.ActiveCfg = Release|x86
		{25423DB3-1CAF-42AF-9122-8922DA6A2E53}.silverlight_Release|Win32.ActiveCfg = Release|x86
		{25423DB3-1CAF-42AF-9122-8922DA6A2E53}.silverlight_Release|x86.ActiveCfg = Release|x86
		{25423DB3-1CAF-42AF-9122-8922DA6A2E53}.winphone_Debug|Any CPU.ActiveCfg = Debug|x86
		{25423DB3-1CAF-42AF-9122-8922DA6A2E53}.winphone_Debug|Mixed Platforms.ActiveCfg = Debug|x86
		{25423DB3-1CAF-42AF-9122-8922DA6A2E53}.winphone_Debug|Win32.ActiveCfg = Debug|x86
		{25423DB3-1CAF-42AF-9122-8922DA6A2E53}.winphone_Debug|x86.ActiveCfg = Debug|x86
		{25423DB3-1CAF-42AF-9122-8922DA6A2E53}.winphone_Release|Any CPU.ActiveCfg = Release|x86
		{25423DB3-1CAF-42AF-9122-8922DA6A2E53}.winphone_Release|Mixed Platforms.ActiveCfg = Release|x86
		{25423DB3-1CAF-42AF-9122-8922DA6A2E53}.winphone_Release|Win32.ActiveCfg = Release|x86
		{25423DB3-1CAF-42AF-9122-8922DA6A2E53}.winphone_Release|x86.ActiveCfg = Release|x86
		{6C4BC5D1-CE1E-4152-AB7D-0EE10C64496D}.Debug|Any CPU.ActiveCfg = Debug|Any CPU
		{6C4BC5D1-CE1E-4152-AB7D-0EE10C64496D}.Debug|Any CPU.Build.0 = Debug|Any CPU
		{6C4BC5D1-CE1E-4152-AB7D-0EE10C64496D}.Debug|Mixed Platforms.ActiveCfg = Debug|x86
		{6C4BC5D1-CE1E-4152-AB7D-0EE10C64496D}.Debug|Mixed Platforms.Build.0 = Debug|x86
		{6C4BC5D1-CE1E-4152-AB7D-0EE10C64496D}.Debug|Win32.ActiveCfg = Debug|Any CPU
		{6C4BC5D1-CE1E-4152-AB7D-0EE10C64496D}.Debug|x86.ActiveCfg = Debug|Any CPU
		{6C4BC5D1-CE1E-4152-AB7D-0EE10C64496D}.Debug|x86.Build.0 = Debug|Any CPU
		{6C4BC5D1-CE1E-4152-AB7D-0EE10C64496D}.net_2_0_Debug|Any CPU.ActiveCfg = Debug|Any CPU
		{6C4BC5D1-CE1E-4152-AB7D-0EE10C64496D}.net_2_0_Debug|Mixed Platforms.ActiveCfg = Debug|x86
		{6C4BC5D1-CE1E-4152-AB7D-0EE10C64496D}.net_2_0_Debug|Win32.ActiveCfg = Debug|x86
		{6C4BC5D1-CE1E-4152-AB7D-0EE10C64496D}.net_2_0_Debug|x86.ActiveCfg = Debug|x86
		{6C4BC5D1-CE1E-4152-AB7D-0EE10C64496D}.net_2_0_Release|Any CPU.ActiveCfg = Release|Any CPU
		{6C4BC5D1-CE1E-4152-AB7D-0EE10C64496D}.net_2_0_Release|Mixed Platforms.ActiveCfg = Release|Any CPU
		{6C4BC5D1-CE1E-4152-AB7D-0EE10C64496D}.net_2_0_Release|Win32.ActiveCfg = OpenRaTryCompile|x86
		{6C4BC5D1-CE1E-4152-AB7D-0EE10C64496D}.net_2_0_Release|x86.ActiveCfg = OpenRaTryCompile|x86
		{6C4BC5D1-CE1E-4152-AB7D-0EE10C64496D}.net_3_5_Debug|Any CPU.ActiveCfg = Debug|Any CPU
		{6C4BC5D1-CE1E-4152-AB7D-0EE10C64496D}.net_3_5_Debug|Mixed Platforms.ActiveCfg = Debug|x86
		{6C4BC5D1-CE1E-4152-AB7D-0EE10C64496D}.net_3_5_Debug|Win32.ActiveCfg = Debug|x86
		{6C4BC5D1-CE1E-4152-AB7D-0EE10C64496D}.net_3_5_Debug|x86.ActiveCfg = Debug|x86
		{6C4BC5D1-CE1E-4152-AB7D-0EE10C64496D}.net_3_5_Release|Any CPU.ActiveCfg = Release|Any CPU
		{6C4BC5D1-CE1E-4152-AB7D-0EE10C64496D}.net_3_5_Release|Mixed Platforms.ActiveCfg = Release|Any CPU
		{6C4BC5D1-CE1E-4152-AB7D-0EE10C64496D}.net_3_5_Release|Win32.ActiveCfg = OpenRaTryCompile|x86
		{6C4BC5D1-CE1E-4152-AB7D-0EE10C64496D}.net_3_5_Release|x86.ActiveCfg = OpenRaTryCompile|x86
		{6C4BC5D1-CE1E-4152-AB7D-0EE10C64496D}.net_4_0_Debug|Any CPU.ActiveCfg = Debug|Any CPU
		{6C4BC5D1-CE1E-4152-AB7D-0EE10C64496D}.net_4_0_Debug|Mixed Platforms.ActiveCfg = Debug|x86
		{6C4BC5D1-CE1E-4152-AB7D-0EE10C64496D}.net_4_0_Debug|Win32.ActiveCfg = Debug|x86
		{6C4BC5D1-CE1E-4152-AB7D-0EE10C64496D}.net_4_0_Debug|x86.ActiveCfg = Debug|x86
		{6C4BC5D1-CE1E-4152-AB7D-0EE10C64496D}.net_4_0_Release|Any CPU.ActiveCfg = Release|Any CPU
		{6C4BC5D1-CE1E-4152-AB7D-0EE10C64496D}.net_4_0_Release|Mixed Platforms.ActiveCfg = Release|Any CPU
		{6C4BC5D1-CE1E-4152-AB7D-0EE10C64496D}.net_4_0_Release|Win32.ActiveCfg = OpenRaTryCompile|x86
		{6C4BC5D1-CE1E-4152-AB7D-0EE10C64496D}.net_4_0_Release|x86.ActiveCfg = OpenRaTryCompile|x86
		{6C4BC5D1-CE1E-4152-AB7D-0EE10C64496D}.OpenRaTryCompile|Any CPU.ActiveCfg = OpenRaTryCompile|Any CPU
		{6C4BC5D1-CE1E-4152-AB7D-0EE10C64496D}.OpenRaTryCompile|Any CPU.Build.0 = OpenRaTryCompile|Any CPU
		{6C4BC5D1-CE1E-4152-AB7D-0EE10C64496D}.OpenRaTryCompile|Mixed Platforms.ActiveCfg = OpenRaTryCompile|x86
		{6C4BC5D1-CE1E-4152-AB7D-0EE10C64496D}.OpenRaTryCompile|Mixed Platforms.Build.0 = OpenRaTryCompile|x86
		{6C4BC5D1-CE1E-4152-AB7D-0EE10C64496D}.OpenRaTryCompile|Win32.ActiveCfg = OpenRaTryCompile|x86
		{6C4BC5D1-CE1E-4152-AB7D-0EE10C64496D}.OpenRaTryCompile|Win32.Build.0 = OpenRaTryCompile|x86
		{6C4BC5D1-CE1E-4152-AB7D-0EE10C64496D}.OpenRaTryCompile|x86.ActiveCfg = OpenRaTryCompile|x86
		{6C4BC5D1-CE1E-4152-AB7D-0EE10C64496D}.OpenRaTryCompile|x86.Build.0 = OpenRaTryCompile|x86
		{6C4BC5D1-CE1E-4152-AB7D-0EE10C64496D}.Release|Any CPU.ActiveCfg = Release|Any CPU
		{6C4BC5D1-CE1E-4152-AB7D-0EE10C64496D}.Release|Any CPU.Build.0 = Release|Any CPU
		{6C4BC5D1-CE1E-4152-AB7D-0EE10C64496D}.Release|Mixed Platforms.ActiveCfg = Release|Any CPU
		{6C4BC5D1-CE1E-4152-AB7D-0EE10C64496D}.Release|Mixed Platforms.Build.0 = Release|Any CPU
		{6C4BC5D1-CE1E-4152-AB7D-0EE10C64496D}.Release|Win32.ActiveCfg = Release|Any CPU
		{6C4BC5D1-CE1E-4152-AB7D-0EE10C64496D}.Release|x86.ActiveCfg = Release|Any CPU
		{6C4BC5D1-CE1E-4152-AB7D-0EE10C64496D}.silverlight_Debug|Any CPU.ActiveCfg = Debug|Any CPU
		{6C4BC5D1-CE1E-4152-AB7D-0EE10C64496D}.silverlight_Debug|Mixed Platforms.ActiveCfg = Debug|x86
		{6C4BC5D1-CE1E-4152-AB7D-0EE10C64496D}.silverlight_Debug|Win32.ActiveCfg = Debug|x86
		{6C4BC5D1-CE1E-4152-AB7D-0EE10C64496D}.silverlight_Debug|x86.ActiveCfg = Debug|x86
		{6C4BC5D1-CE1E-4152-AB7D-0EE10C64496D}.silverlight_Release|Any CPU.ActiveCfg = Release|Any CPU
		{6C4BC5D1-CE1E-4152-AB7D-0EE10C64496D}.silverlight_Release|Mixed Platforms.ActiveCfg = Release|Any CPU
		{6C4BC5D1-CE1E-4152-AB7D-0EE10C64496D}.silverlight_Release|Win32.ActiveCfg = OpenRaTryCompile|x86
		{6C4BC5D1-CE1E-4152-AB7D-0EE10C64496D}.silverlight_Release|x86.ActiveCfg = OpenRaTryCompile|x86
		{6C4BC5D1-CE1E-4152-AB7D-0EE10C64496D}.winphone_Debug|Any CPU.ActiveCfg = Debug|Any CPU
		{6C4BC5D1-CE1E-4152-AB7D-0EE10C64496D}.winphone_Debug|Mixed Platforms.ActiveCfg = Debug|x86
		{6C4BC5D1-CE1E-4152-AB7D-0EE10C64496D}.winphone_Debug|Win32.ActiveCfg = Debug|x86
		{6C4BC5D1-CE1E-4152-AB7D-0EE10C64496D}.winphone_Debug|x86.ActiveCfg = Debug|x86
		{6C4BC5D1-CE1E-4152-AB7D-0EE10C64496D}.winphone_Release|Any CPU.ActiveCfg = Release|Any CPU
		{6C4BC5D1-CE1E-4152-AB7D-0EE10C64496D}.winphone_Release|Mixed Platforms.ActiveCfg = Release|Any CPU
		{6C4BC5D1-CE1E-4152-AB7D-0EE10C64496D}.winphone_Release|Win32.ActiveCfg = OpenRaTryCompile|x86
		{6C4BC5D1-CE1E-4152-AB7D-0EE10C64496D}.winphone_Release|x86.ActiveCfg = OpenRaTryCompile|x86
		{10CEF783-53C3-42A7-940A-73773A2AF24F}.Debug|Any CPU.ActiveCfg = Debug|Any CPU
		{10CEF783-53C3-42A7-940A-73773A2AF24F}.Debug|Any CPU.Build.0 = Debug|Any CPU
		{10CEF783-53C3-42A7-940A-73773A2AF24F}.Debug|Mixed Platforms.ActiveCfg = Debug|Any CPU
		{10CEF783-53C3-42A7-940A-73773A2AF24F}.Debug|Mixed Platforms.Build.0 = Debug|Any CPU
		{10CEF783-53C3-42A7-940A-73773A2AF24F}.Debug|Win32.ActiveCfg = Debug|Any CPU
		{10CEF783-53C3-42A7-940A-73773A2AF24F}.Debug|x86.ActiveCfg = Debug|Any CPU
		{10CEF783-53C3-42A7-940A-73773A2AF24F}.Debug|x86.Build.0 = Debug|Any CPU
		{10CEF783-53C3-42A7-940A-73773A2AF24F}.net_2_0_Debug|Any CPU.ActiveCfg = Debug|Any CPU
		{10CEF783-53C3-42A7-940A-73773A2AF24F}.net_2_0_Debug|Mixed Platforms.ActiveCfg = Debug|Any CPU
		{10CEF783-53C3-42A7-940A-73773A2AF24F}.net_2_0_Debug|Win32.ActiveCfg = Debug|Any CPU
		{10CEF783-53C3-42A7-940A-73773A2AF24F}.net_2_0_Debug|x86.ActiveCfg = Debug|Any CPU
		{10CEF783-53C3-42A7-940A-73773A2AF24F}.net_2_0_Release|Any CPU.ActiveCfg = Release|Any CPU
		{10CEF783-53C3-42A7-940A-73773A2AF24F}.net_2_0_Release|Mixed Platforms.ActiveCfg = Release|Any CPU
		{10CEF783-53C3-42A7-940A-73773A2AF24F}.net_2_0_Release|Win32.ActiveCfg = Release|Any CPU
		{10CEF783-53C3-42A7-940A-73773A2AF24F}.net_2_0_Release|x86.ActiveCfg = Release|Any CPU
		{10CEF783-53C3-42A7-940A-73773A2AF24F}.net_3_5_Debug|Any CPU.ActiveCfg = Debug|Any CPU
		{10CEF783-53C3-42A7-940A-73773A2AF24F}.net_3_5_Debug|Mixed Platforms.ActiveCfg = Debug|Any CPU
		{10CEF783-53C3-42A7-940A-73773A2AF24F}.net_3_5_Debug|Win32.ActiveCfg = Debug|Any CPU
		{10CEF783-53C3-42A7-940A-73773A2AF24F}.net_3_5_Debug|x86.ActiveCfg = Debug|Any CPU
		{10CEF783-53C3-42A7-940A-73773A2AF24F}.net_3_5_Release|Any CPU.ActiveCfg = Release|Any CPU
		{10CEF783-53C3-42A7-940A-73773A2AF24F}.net_3_5_Release|Mixed Platforms.ActiveCfg = Release|Any CPU
		{10CEF783-53C3-42A7-940A-73773A2AF24F}.net_3_5_Release|Win32.ActiveCfg = Release|Any CPU
		{10CEF783-53C3-42A7-940A-73773A2AF24F}.net_3_5_Release|x86.ActiveCfg = Release|Any CPU
		{10CEF783-53C3-42A7-940A-73773A2AF24F}.net_4_0_Debug|Any CPU.ActiveCfg = Debug|Any CPU
		{10CEF783-53C3-42A7-940A-73773A2AF24F}.net_4_0_Debug|Mixed Platforms.ActiveCfg = Debug|Any CPU
		{10CEF783-53C3-42A7-940A-73773A2AF24F}.net_4_0_Debug|Win32.ActiveCfg = Debug|Any CPU
		{10CEF783-53C3-42A7-940A-73773A2AF24F}.net_4_0_Debug|x86.ActiveCfg = Debug|Any CPU
		{10CEF783-53C3-42A7-940A-73773A2AF24F}.net_4_0_Release|Any CPU.ActiveCfg = Release|Any CPU
		{10CEF783-53C3-42A7-940A-73773A2AF24F}.net_4_0_Release|Mixed Platforms.ActiveCfg = Release|Any CPU
		{10CEF783-53C3-42A7-940A-73773A2AF24F}.net_4_0_Release|Win32.ActiveCfg = Release|Any CPU
		{10CEF783-53C3-42A7-940A-73773A2AF24F}.net_4_0_Release|x86.ActiveCfg = Release|Any CPU
		{10CEF783-53C3-42A7-940A-73773A2AF24F}.OpenRaTryCompile|Any CPU.ActiveCfg = OpenRaTryCompile|Any CPU
		{10CEF783-53C3-42A7-940A-73773A2AF24F}.OpenRaTryCompile|Any CPU.Build.0 = OpenRaTryCompile|Any CPU
		{10CEF783-53C3-42A7-940A-73773A2AF24F}.OpenRaTryCompile|Mixed Platforms.ActiveCfg = OpenRaTryCompile|Any CPU
		{10CEF783-53C3-42A7-940A-73773A2AF24F}.OpenRaTryCompile|Mixed Platforms.Build.0 = OpenRaTryCompile|Any CPU
		{10CEF783-53C3-42A7-940A-73773A2AF24F}.OpenRaTryCompile|Win32.ActiveCfg = OpenRaTryCompile|Any CPU
		{10CEF783-53C3-42A7-940A-73773A2AF24F}.OpenRaTryCompile|x86.ActiveCfg = OpenRaTryCompile|Any CPU
		{10CEF783-53C3-42A7-940A-73773A2AF24F}.Release|Any CPU.ActiveCfg = Release|Any CPU
		{10CEF783-53C3-42A7-940A-73773A2AF24F}.Release|Any CPU.Build.0 = Release|Any CPU
		{10CEF783-53C3-42A7-940A-73773A2AF24F}.Release|Mixed Platforms.ActiveCfg = Release|Any CPU
		{10CEF783-53C3-42A7-940A-73773A2AF24F}.Release|Mixed Platforms.Build.0 = Release|Any CPU
		{10CEF783-53C3-42A7-940A-73773A2AF24F}.Release|Win32.ActiveCfg = Release|Any CPU
		{10CEF783-53C3-42A7-940A-73773A2AF24F}.Release|x86.ActiveCfg = Release|Any CPU
		{10CEF783-53C3-42A7-940A-73773A2AF24F}.silverlight_Debug|Any CPU.ActiveCfg = Debug|Any CPU
		{10CEF783-53C3-42A7-940A-73773A2AF24F}.silverlight_Debug|Mixed Platforms.ActiveCfg = Debug|Any CPU
		{10CEF783-53C3-42A7-940A-73773A2AF24F}.silverlight_Debug|Win32.ActiveCfg = Debug|Any CPU
		{10CEF783-53C3-42A7-940A-73773A2AF24F}.silverlight_Debug|x86.ActiveCfg = Debug|Any CPU
		{10CEF783-53C3-42A7-940A-73773A2AF24F}.silverlight_Release|Any CPU.ActiveCfg = Release|Any CPU
		{10CEF783-53C3-42A7-940A-73773A2AF24F}.silverlight_Release|Mixed Platforms.ActiveCfg = Release|Any CPU
		{10CEF783-53C3-42A7-940A-73773A2AF24F}.silverlight_Release|Win32.ActiveCfg = Release|Any CPU
		{10CEF783-53C3-42A7-940A-73773A2AF24F}.silverlight_Release|x86.ActiveCfg = Release|Any CPU
		{10CEF783-53C3-42A7-940A-73773A2AF24F}.winphone_Debug|Any CPU.ActiveCfg = Debug|Any CPU
		{10CEF783-53C3-42A7-940A-73773A2AF24F}.winphone_Debug|Mixed Platforms.ActiveCfg = Debug|Any CPU
		{10CEF783-53C3-42A7-940A-73773A2AF24F}.winphone_Debug|Win32.ActiveCfg = Debug|Any CPU
		{10CEF783-53C3-42A7-940A-73773A2AF24F}.winphone_Debug|x86.ActiveCfg = Debug|Any CPU
		{10CEF783-53C3-42A7-940A-73773A2AF24F}.winphone_Release|Any CPU.ActiveCfg = Release|Any CPU
		{10CEF783-53C3-42A7-940A-73773A2AF24F}.winphone_Release|Mixed Platforms.ActiveCfg = Release|Any CPU
		{10CEF783-53C3-42A7-940A-73773A2AF24F}.winphone_Release|Win32.ActiveCfg = Release|Any CPU
		{10CEF783-53C3-42A7-940A-73773A2AF24F}.winphone_Release|x86.ActiveCfg = Release|Any CPU
		{97B010AB-0756-46DC-B75A-7A6C4F6FF28D}.Debug|Any CPU.ActiveCfg = Debug|Any CPU
		{97B010AB-0756-46DC-B75A-7A6C4F6FF28D}.Debug|Any CPU.Build.0 = Debug|Any CPU
		{97B010AB-0756-46DC-B75A-7A6C4F6FF28D}.Debug|Mixed Platforms.ActiveCfg = Debug|Any CPU
		{97B010AB-0756-46DC-B75A-7A6C4F6FF28D}.Debug|Mixed Platforms.Build.0 = Debug|Any CPU
		{97B010AB-0756-46DC-B75A-7A6C4F6FF28D}.Debug|Win32.ActiveCfg = Debug|Any CPU
		{97B010AB-0756-46DC-B75A-7A6C4F6FF28D}.Debug|x86.ActiveCfg = Debug|Any CPU
		{97B010AB-0756-46DC-B75A-7A6C4F6FF28D}.net_2_0_Debug|Any CPU.ActiveCfg = Debug|Any CPU
		{97B010AB-0756-46DC-B75A-7A6C4F6FF28D}.net_2_0_Debug|Any CPU.Build.0 = Debug|Any CPU
		{97B010AB-0756-46DC-B75A-7A6C4F6FF28D}.net_2_0_Debug|Mixed Platforms.ActiveCfg = Debug|Any CPU
		{97B010AB-0756-46DC-B75A-7A6C4F6FF28D}.net_2_0_Debug|Mixed Platforms.Build.0 = Debug|Any CPU
		{97B010AB-0756-46DC-B75A-7A6C4F6FF28D}.net_2_0_Debug|Win32.ActiveCfg = Debug|Any CPU
		{97B010AB-0756-46DC-B75A-7A6C4F6FF28D}.net_2_0_Debug|x86.ActiveCfg = Debug|Any CPU
		{97B010AB-0756-46DC-B75A-7A6C4F6FF28D}.net_2_0_Release|Any CPU.ActiveCfg = Release|Any CPU
		{97B010AB-0756-46DC-B75A-7A6C4F6FF28D}.net_2_0_Release|Any CPU.Build.0 = Release|Any CPU
		{97B010AB-0756-46DC-B75A-7A6C4F6FF28D}.net_2_0_Release|Mixed Platforms.ActiveCfg = Release|Any CPU
		{97B010AB-0756-46DC-B75A-7A6C4F6FF28D}.net_2_0_Release|Mixed Platforms.Build.0 = Release|Any CPU
		{97B010AB-0756-46DC-B75A-7A6C4F6FF28D}.net_2_0_Release|Win32.ActiveCfg = Release|Any CPU
		{97B010AB-0756-46DC-B75A-7A6C4F6FF28D}.net_2_0_Release|x86.ActiveCfg = Release|Any CPU
		{97B010AB-0756-46DC-B75A-7A6C4F6FF28D}.net_3_5_Debug|Any CPU.ActiveCfg = Debug|Any CPU
		{97B010AB-0756-46DC-B75A-7A6C4F6FF28D}.net_3_5_Debug|Any CPU.Build.0 = Debug|Any CPU
		{97B010AB-0756-46DC-B75A-7A6C4F6FF28D}.net_3_5_Debug|Mixed Platforms.ActiveCfg = Debug|Any CPU
		{97B010AB-0756-46DC-B75A-7A6C4F6FF28D}.net_3_5_Debug|Mixed Platforms.Build.0 = Debug|Any CPU
		{97B010AB-0756-46DC-B75A-7A6C4F6FF28D}.net_3_5_Debug|Win32.ActiveCfg = Debug|Any CPU
		{97B010AB-0756-46DC-B75A-7A6C4F6FF28D}.net_3_5_Debug|x86.ActiveCfg = Debug|Any CPU
		{97B010AB-0756-46DC-B75A-7A6C4F6FF28D}.net_3_5_Release|Any CPU.ActiveCfg = Release|Any CPU
		{97B010AB-0756-46DC-B75A-7A6C4F6FF28D}.net_3_5_Release|Any CPU.Build.0 = Release|Any CPU
		{97B010AB-0756-46DC-B75A-7A6C4F6FF28D}.net_3_5_Release|Mixed Platforms.ActiveCfg = Release|Any CPU
		{97B010AB-0756-46DC-B75A-7A6C4F6FF28D}.net_3_5_Release|Mixed Platforms.Build.0 = Release|Any CPU
		{97B010AB-0756-46DC-B75A-7A6C4F6FF28D}.net_3_5_Release|Win32.ActiveCfg = Release|Any CPU
		{97B010AB-0756-46DC-B75A-7A6C4F6FF28D}.net_3_5_Release|x86.ActiveCfg = Release|Any CPU
		{97B010AB-0756-46DC-B75A-7A6C4F6FF28D}.net_4_0_Debug|Any CPU.ActiveCfg = Debug|Any CPU
		{97B010AB-0756-46DC-B75A-7A6C4F6FF28D}.net_4_0_Debug|Any CPU.Build.0 = Debug|Any CPU
		{97B010AB-0756-46DC-B75A-7A6C4F6FF28D}.net_4_0_Debug|Mixed Platforms.ActiveCfg = Debug|Any CPU
		{97B010AB-0756-46DC-B75A-7A6C4F6FF28D}.net_4_0_Debug|Mixed Platforms.Build.0 = Debug|Any CPU
		{97B010AB-0756-46DC-B75A-7A6C4F6FF28D}.net_4_0_Debug|Win32.ActiveCfg = Debug|Any CPU
		{97B010AB-0756-46DC-B75A-7A6C4F6FF28D}.net_4_0_Debug|x86.ActiveCfg = Debug|Any CPU
		{97B010AB-0756-46DC-B75A-7A6C4F6FF28D}.net_4_0_Release|Any CPU.ActiveCfg = Release|Any CPU
		{97B010AB-0756-46DC-B75A-7A6C4F6FF28D}.net_4_0_Release|Any CPU.Build.0 = Release|Any CPU
		{97B010AB-0756-46DC-B75A-7A6C4F6FF28D}.net_4_0_Release|Mixed Platforms.ActiveCfg = Release|Any CPU
		{97B010AB-0756-46DC-B75A-7A6C4F6FF28D}.net_4_0_Release|Mixed Platforms.Build.0 = Release|Any CPU
		{97B010AB-0756-46DC-B75A-7A6C4F6FF28D}.net_4_0_Release|Win32.ActiveCfg = Release|Any CPU
		{97B010AB-0756-46DC-B75A-7A6C4F6FF28D}.net_4_0_Release|x86.ActiveCfg = Release|Any CPU
		{97B010AB-0756-46DC-B75A-7A6C4F6FF28D}.OpenRaTryCompile|Any CPU.ActiveCfg = Release|Any CPU
		{97B010AB-0756-46DC-B75A-7A6C4F6FF28D}.OpenRaTryCompile|Any CPU.Build.0 = Release|Any CPU
		{97B010AB-0756-46DC-B75A-7A6C4F6FF28D}.OpenRaTryCompile|Mixed Platforms.ActiveCfg = Release|Any CPU
		{97B010AB-0756-46DC-B75A-7A6C4F6FF28D}.OpenRaTryCompile|Mixed Platforms.Build.0 = Release|Any CPU
		{97B010AB-0756-46DC-B75A-7A6C4F6FF28D}.OpenRaTryCompile|Win32.ActiveCfg = Release|Any CPU
		{97B010AB-0756-46DC-B75A-7A6C4F6FF28D}.OpenRaTryCompile|x86.ActiveCfg = Release|Any CPU
		{97B010AB-0756-46DC-B75A-7A6C4F6FF28D}.Release|Any CPU.ActiveCfg = Release|Any CPU
		{97B010AB-0756-46DC-B75A-7A6C4F6FF28D}.Release|Any CPU.Build.0 = Release|Any CPU
		{97B010AB-0756-46DC-B75A-7A6C4F6FF28D}.Release|Mixed Platforms.ActiveCfg = Release|Any CPU
		{97B010AB-0756-46DC-B75A-7A6C4F6FF28D}.Release|Mixed Platforms.Build.0 = Release|Any CPU
		{97B010AB-0756-46DC-B75A-7A6C4F6FF28D}.Release|Win32.ActiveCfg = Release|Any CPU
		{97B010AB-0756-46DC-B75A-7A6C4F6FF28D}.Release|x86.ActiveCfg = Release|Any CPU
		{97B010AB-0756-46DC-B75A-7A6C4F6FF28D}.silverlight_Debug|Any CPU.ActiveCfg = Debug|Any CPU
		{97B010AB-0756-46DC-B75A-7A6C4F6FF28D}.silverlight_Debug|Any CPU.Build.0 = Debug|Any CPU
		{97B010AB-0756-46DC-B75A-7A6C4F6FF28D}.silverlight_Debug|Mixed Platforms.ActiveCfg = Debug|Any CPU
		{97B010AB-0756-46DC-B75A-7A6C4F6FF28D}.silverlight_Debug|Mixed Platforms.Build.0 = Debug|Any CPU
		{97B010AB-0756-46DC-B75A-7A6C4F6FF28D}.silverlight_Debug|Win32.ActiveCfg = Debug|Any CPU
		{97B010AB-0756-46DC-B75A-7A6C4F6FF28D}.silverlight_Debug|x86.ActiveCfg = Debug|Any CPU
		{97B010AB-0756-46DC-B75A-7A6C4F6FF28D}.silverlight_Release|Any CPU.ActiveCfg = Release|Any CPU
		{97B010AB-0756-46DC-B75A-7A6C4F6FF28D}.silverlight_Release|Any CPU.Build.0 = Release|Any CPU
		{97B010AB-0756-46DC-B75A-7A6C4F6FF28D}.silverlight_Release|Mixed Platforms.ActiveCfg = Release|Any CPU
		{97B010AB-0756-46DC-B75A-7A6C4F6FF28D}.silverlight_Release|Mixed Platforms.Build.0 = Release|Any CPU
		{97B010AB-0756-46DC-B75A-7A6C4F6FF28D}.silverlight_Release|Win32.ActiveCfg = Release|Any CPU
		{97B010AB-0756-46DC-B75A-7A6C4F6FF28D}.silverlight_Release|x86.ActiveCfg = Release|Any CPU
		{97B010AB-0756-46DC-B75A-7A6C4F6FF28D}.winphone_Debug|Any CPU.ActiveCfg = Debug|Any CPU
		{97B010AB-0756-46DC-B75A-7A6C4F6FF28D}.winphone_Debug|Any CPU.Build.0 = Debug|Any CPU
		{97B010AB-0756-46DC-B75A-7A6C4F6FF28D}.winphone_Debug|Mixed Platforms.ActiveCfg = Debug|Any CPU
		{97B010AB-0756-46DC-B75A-7A6C4F6FF28D}.winphone_Debug|Mixed Platforms.Build.0 = Debug|Any CPU
		{97B010AB-0756-46DC-B75A-7A6C4F6FF28D}.winphone_Debug|Win32.ActiveCfg = Debug|Any CPU
		{97B010AB-0756-46DC-B75A-7A6C4F6FF28D}.winphone_Debug|x86.ActiveCfg = Debug|Any CPU
		{97B010AB-0756-46DC-B75A-7A6C4F6FF28D}.winphone_Release|Any CPU.ActiveCfg = Release|Any CPU
		{97B010AB-0756-46DC-B75A-7A6C4F6FF28D}.winphone_Release|Any CPU.Build.0 = Release|Any CPU
		{97B010AB-0756-46DC-B75A-7A6C4F6FF28D}.winphone_Release|Mixed Platforms.ActiveCfg = Release|Any CPU
		{97B010AB-0756-46DC-B75A-7A6C4F6FF28D}.winphone_Release|Mixed Platforms.Build.0 = Release|Any CPU
		{97B010AB-0756-46DC-B75A-7A6C4F6FF28D}.winphone_Release|Win32.ActiveCfg = Release|Any CPU
		{97B010AB-0756-46DC-B75A-7A6C4F6FF28D}.winphone_Release|x86.ActiveCfg = Release|Any CPU
		{D5B3D733-B6AB-4574-ABFF-651A5BBC3B33}.Debug|Any CPU.ActiveCfg = Debug|Any CPU
		{D5B3D733-B6AB-4574-ABFF-651A5BBC3B33}.Debug|Any CPU.Build.0 = Debug|Any CPU
		{D5B3D733-B6AB-4574-ABFF-651A5BBC3B33}.Debug|Mixed Platforms.ActiveCfg = Debug|Any CPU
		{D5B3D733-B6AB-4574-ABFF-651A5BBC3B33}.Debug|Mixed Platforms.Build.0 = Debug|Any CPU
		{D5B3D733-B6AB-4574-ABFF-651A5BBC3B33}.Debug|Win32.ActiveCfg = Debug|Any CPU
		{D5B3D733-B6AB-4574-ABFF-651A5BBC3B33}.Debug|x86.ActiveCfg = Debug|Any CPU
		{D5B3D733-B6AB-4574-ABFF-651A5BBC3B33}.Debug|x86.Build.0 = Debug|Any CPU
		{D5B3D733-B6AB-4574-ABFF-651A5BBC3B33}.net_2_0_Debug|Any CPU.ActiveCfg = Debug|Any CPU
		{D5B3D733-B6AB-4574-ABFF-651A5BBC3B33}.net_2_0_Debug|Mixed Platforms.ActiveCfg = Debug|Any CPU
		{D5B3D733-B6AB-4574-ABFF-651A5BBC3B33}.net_2_0_Debug|Win32.ActiveCfg = Debug|Any CPU
		{D5B3D733-B6AB-4574-ABFF-651A5BBC3B33}.net_2_0_Debug|x86.ActiveCfg = Debug|Any CPU
		{D5B3D733-B6AB-4574-ABFF-651A5BBC3B33}.net_2_0_Release|Any CPU.ActiveCfg = Release|Any CPU
		{D5B3D733-B6AB-4574-ABFF-651A5BBC3B33}.net_2_0_Release|Mixed Platforms.ActiveCfg = Release|Any CPU
		{D5B3D733-B6AB-4574-ABFF-651A5BBC3B33}.net_2_0_Release|Win32.ActiveCfg = Release|Any CPU
		{D5B3D733-B6AB-4574-ABFF-651A5BBC3B33}.net_2_0_Release|x86.ActiveCfg = Release|Any CPU
		{D5B3D733-B6AB-4574-ABFF-651A5BBC3B33}.net_3_5_Debug|Any CPU.ActiveCfg = Debug|Any CPU
		{D5B3D733-B6AB-4574-ABFF-651A5BBC3B33}.net_3_5_Debug|Mixed Platforms.ActiveCfg = Debug|Any CPU
		{D5B3D733-B6AB-4574-ABFF-651A5BBC3B33}.net_3_5_Debug|Win32.ActiveCfg = Debug|Any CPU
		{D5B3D733-B6AB-4574-ABFF-651A5BBC3B33}.net_3_5_Debug|x86.ActiveCfg = Debug|Any CPU
		{D5B3D733-B6AB-4574-ABFF-651A5BBC3B33}.net_3_5_Release|Any CPU.ActiveCfg = Release|Any CPU
		{D5B3D733-B6AB-4574-ABFF-651A5BBC3B33}.net_3_5_Release|Mixed Platforms.ActiveCfg = Release|Any CPU
		{D5B3D733-B6AB-4574-ABFF-651A5BBC3B33}.net_3_5_Release|Win32.ActiveCfg = Release|Any CPU
		{D5B3D733-B6AB-4574-ABFF-651A5BBC3B33}.net_3_5_Release|x86.ActiveCfg = Release|Any CPU
		{D5B3D733-B6AB-4574-ABFF-651A5BBC3B33}.net_4_0_Debug|Any CPU.ActiveCfg = Debug|Any CPU
		{D5B3D733-B6AB-4574-ABFF-651A5BBC3B33}.net_4_0_Debug|Mixed Platforms.ActiveCfg = Debug|Any CPU
		{D5B3D733-B6AB-4574-ABFF-651A5BBC3B33}.net_4_0_Debug|Win32.ActiveCfg = Debug|Any CPU
		{D5B3D733-B6AB-4574-ABFF-651A5BBC3B33}.net_4_0_Debug|x86.ActiveCfg = Debug|Any CPU
		{D5B3D733-B6AB-4574-ABFF-651A5BBC3B33}.net_4_0_Release|Any CPU.ActiveCfg = Release|Any CPU
		{D5B3D733-B6AB-4574-ABFF-651A5BBC3B33}.net_4_0_Release|Mixed Platforms.ActiveCfg = Release|Any CPU
		{D5B3D733-B6AB-4574-ABFF-651A5BBC3B33}.net_4_0_Release|Win32.ActiveCfg = Release|Any CPU
		{D5B3D733-B6AB-4574-ABFF-651A5BBC3B33}.net_4_0_Release|x86.ActiveCfg = Release|Any CPU
		{D5B3D733-B6AB-4574-ABFF-651A5BBC3B33}.OpenRaTryCompile|Any CPU.ActiveCfg = OpenRaTryCompile|Any CPU
		{D5B3D733-B6AB-4574-ABFF-651A5BBC3B33}.OpenRaTryCompile|Any CPU.Build.0 = OpenRaTryCompile|Any CPU
		{D5B3D733-B6AB-4574-ABFF-651A5BBC3B33}.OpenRaTryCompile|Mixed Platforms.ActiveCfg = OpenRaTryCompile|Any CPU
		{D5B3D733-B6AB-4574-ABFF-651A5BBC3B33}.OpenRaTryCompile|Mixed Platforms.Build.0 = OpenRaTryCompile|Any CPU
		{D5B3D733-B6AB-4574-ABFF-651A5BBC3B33}.OpenRaTryCompile|Win32.ActiveCfg = OpenRaTryCompile|Any CPU
		{D5B3D733-B6AB-4574-ABFF-651A5BBC3B33}.OpenRaTryCompile|x86.ActiveCfg = OpenRaTryCompile|Any CPU
		{D5B3D733-B6AB-4574-ABFF-651A5BBC3B33}.Release|Any CPU.ActiveCfg = Release|Any CPU
		{D5B3D733-B6AB-4574-ABFF-651A5BBC3B33}.Release|Any CPU.Build.0 = Release|Any CPU
		{D5B3D733-B6AB-4574-ABFF-651A5BBC3B33}.Release|Mixed Platforms.ActiveCfg = Release|Any CPU
		{D5B3D733-B6AB-4574-ABFF-651A5BBC3B33}.Release|Mixed Platforms.Build.0 = Release|Any CPU
		{D5B3D733-B6AB-4574-ABFF-651A5BBC3B33}.Release|Win32.ActiveCfg = Release|Any CPU
		{D5B3D733-B6AB-4574-ABFF-651A5BBC3B33}.Release|x86.ActiveCfg = Release|Any CPU
		{D5B3D733-B6AB-4574-ABFF-651A5BBC3B33}.silverlight_Debug|Any CPU.ActiveCfg = Debug|Any CPU
		{D5B3D733-B6AB-4574-ABFF-651A5BBC3B33}.silverlight_Debug|Mixed Platforms.ActiveCfg = Debug|Any CPU
		{D5B3D733-B6AB-4574-ABFF-651A5BBC3B33}.silverlight_Debug|Win32.ActiveCfg = Debug|Any CPU
		{D5B3D733-B6AB-4574-ABFF-651A5BBC3B33}.silverlight_Debug|x86.ActiveCfg = Debug|Any CPU
		{D5B3D733-B6AB-4574-ABFF-651A5BBC3B33}.silverlight_Release|Any CPU.ActiveCfg = Release|Any CPU
		{D5B3D733-B6AB-4574-ABFF-651A5BBC3B33}.silverlight_Release|Mixed Platforms.ActiveCfg = Release|Any CPU
		{D5B3D733-B6AB-4574-ABFF-651A5BBC3B33}.silverlight_Release|Win32.ActiveCfg = Release|Any CPU
		{D5B3D733-B6AB-4574-ABFF-651A5BBC3B33}.silverlight_Release|x86.ActiveCfg = Release|Any CPU
		{D5B3D733-B6AB-4574-ABFF-651A5BBC3B33}.winphone_Debug|Any CPU.ActiveCfg = Debug|Any CPU
		{D5B3D733-B6AB-4574-ABFF-651A5BBC3B33}.winphone_Debug|Mixed Platforms.ActiveCfg = Debug|Any CPU
		{D5B3D733-B6AB-4574-ABFF-651A5BBC3B33}.winphone_Debug|Win32.ActiveCfg = Debug|Any CPU
		{D5B3D733-B6AB-4574-ABFF-651A5BBC3B33}.winphone_Debug|x86.ActiveCfg = Debug|Any CPU
		{D5B3D733-B6AB-4574-ABFF-651A5BBC3B33}.winphone_Release|Any CPU.ActiveCfg = Release|Any CPU
		{D5B3D733-B6AB-4574-ABFF-651A5BBC3B33}.winphone_Release|Mixed Platforms.ActiveCfg = Release|Any CPU
		{D5B3D733-B6AB-4574-ABFF-651A5BBC3B33}.winphone_Release|Win32.ActiveCfg = Release|Any CPU
		{D5B3D733-B6AB-4574-ABFF-651A5BBC3B33}.winphone_Release|x86.ActiveCfg = Release|Any CPU
		{A0C8027A-A2AE-43D1-BC76-52B3A235D05B}.Debug|Any CPU.ActiveCfg = Debug|x86
		{A0C8027A-A2AE-43D1-BC76-52B3A235D05B}.Debug|Any CPU.Build.0 = Debug|x86
		{A0C8027A-A2AE-43D1-BC76-52B3A235D05B}.Debug|Mixed Platforms.ActiveCfg = Debug|Any CPU
		{A0C8027A-A2AE-43D1-BC76-52B3A235D05B}.Debug|Mixed Platforms.Build.0 = Debug|Any CPU
		{A0C8027A-A2AE-43D1-BC76-52B3A235D05B}.Debug|Win32.ActiveCfg = Debug|Any CPU
		{A0C8027A-A2AE-43D1-BC76-52B3A235D05B}.Debug|x86.ActiveCfg = Debug|Any CPU
		{A0C8027A-A2AE-43D1-BC76-52B3A235D05B}.Debug|x86.Build.0 = Debug|Any CPU
		{A0C8027A-A2AE-43D1-BC76-52B3A235D05B}.net_2_0_Debug|Any CPU.ActiveCfg = Debug|Any CPU
		{A0C8027A-A2AE-43D1-BC76-52B3A235D05B}.net_2_0_Debug|Mixed Platforms.ActiveCfg = Debug|Any CPU
		{A0C8027A-A2AE-43D1-BC76-52B3A235D05B}.net_2_0_Debug|Win32.ActiveCfg = Debug|Any CPU
		{A0C8027A-A2AE-43D1-BC76-52B3A235D05B}.net_2_0_Debug|x86.ActiveCfg = Debug|Any CPU
		{A0C8027A-A2AE-43D1-BC76-52B3A235D05B}.net_2_0_Release|Any CPU.ActiveCfg = Release|Any CPU
		{A0C8027A-A2AE-43D1-BC76-52B3A235D05B}.net_2_0_Release|Mixed Platforms.ActiveCfg = Release|Any CPU
		{A0C8027A-A2AE-43D1-BC76-52B3A235D05B}.net_2_0_Release|Win32.ActiveCfg = Release|Any CPU
		{A0C8027A-A2AE-43D1-BC76-52B3A235D05B}.net_2_0_Release|x86.ActiveCfg = Release|Any CPU
		{A0C8027A-A2AE-43D1-BC76-52B3A235D05B}.net_3_5_Debug|Any CPU.ActiveCfg = Debug|Any CPU
		{A0C8027A-A2AE-43D1-BC76-52B3A235D05B}.net_3_5_Debug|Mixed Platforms.ActiveCfg = Debug|Any CPU
		{A0C8027A-A2AE-43D1-BC76-52B3A235D05B}.net_3_5_Debug|Win32.ActiveCfg = Debug|Any CPU
		{A0C8027A-A2AE-43D1-BC76-52B3A235D05B}.net_3_5_Debug|x86.ActiveCfg = Debug|Any CPU
		{A0C8027A-A2AE-43D1-BC76-52B3A235D05B}.net_3_5_Release|Any CPU.ActiveCfg = Release|Any CPU
		{A0C8027A-A2AE-43D1-BC76-52B3A235D05B}.net_3_5_Release|Mixed Platforms.ActiveCfg = Release|Any CPU
		{A0C8027A-A2AE-43D1-BC76-52B3A235D05B}.net_3_5_Release|Win32.ActiveCfg = Release|Any CPU
		{A0C8027A-A2AE-43D1-BC76-52B3A235D05B}.net_3_5_Release|x86.ActiveCfg = Release|Any CPU
		{A0C8027A-A2AE-43D1-BC76-52B3A235D05B}.net_4_0_Debug|Any CPU.ActiveCfg = Debug|Any CPU
		{A0C8027A-A2AE-43D1-BC76-52B3A235D05B}.net_4_0_Debug|Mixed Platforms.ActiveCfg = Debug|Any CPU
		{A0C8027A-A2AE-43D1-BC76-52B3A235D05B}.net_4_0_Debug|Win32.ActiveCfg = Debug|Any CPU
		{A0C8027A-A2AE-43D1-BC76-52B3A235D05B}.net_4_0_Debug|x86.ActiveCfg = Debug|Any CPU
		{A0C8027A-A2AE-43D1-BC76-52B3A235D05B}.net_4_0_Release|Any CPU.ActiveCfg = Release|Any CPU
		{A0C8027A-A2AE-43D1-BC76-52B3A235D05B}.net_4_0_Release|Mixed Platforms.ActiveCfg = Release|Any CPU
		{A0C8027A-A2AE-43D1-BC76-52B3A235D05B}.net_4_0_Release|Win32.ActiveCfg = Release|Any CPU
		{A0C8027A-A2AE-43D1-BC76-52B3A235D05B}.net_4_0_Release|x86.ActiveCfg = Release|Any CPU
		{A0C8027A-A2AE-43D1-BC76-52B3A235D05B}.OpenRaTryCompile|Any CPU.ActiveCfg = Release|Any CPU
		{A0C8027A-A2AE-43D1-BC76-52B3A235D05B}.OpenRaTryCompile|Any CPU.Build.0 = Release|Any CPU
		{A0C8027A-A2AE-43D1-BC76-52B3A235D05B}.OpenRaTryCompile|Mixed Platforms.ActiveCfg = Release|Any CPU
		{A0C8027A-A2AE-43D1-BC76-52B3A235D05B}.OpenRaTryCompile|Mixed Platforms.Build.0 = Release|Any CPU
		{A0C8027A-A2AE-43D1-BC76-52B3A235D05B}.OpenRaTryCompile|Win32.ActiveCfg = Release|Any CPU
		{A0C8027A-A2AE-43D1-BC76-52B3A235D05B}.OpenRaTryCompile|x86.ActiveCfg = Release|Any CPU
		{A0C8027A-A2AE-43D1-BC76-52B3A235D05B}.Release|Any CPU.ActiveCfg = Release|Any CPU
		{A0C8027A-A2AE-43D1-BC76-52B3A235D05B}.Release|Any CPU.Build.0 = Release|Any CPU
		{A0C8027A-A2AE-43D1-BC76-52B3A235D05B}.Release|Mixed Platforms.ActiveCfg = Release|Any CPU
		{A0C8027A-A2AE-43D1-BC76-52B3A235D05B}.Release|Mixed Platforms.Build.0 = Release|Any CPU
		{A0C8027A-A2AE-43D1-BC76-52B3A235D05B}.Release|Win32.ActiveCfg = Release|Any CPU
		{A0C8027A-A2AE-43D1-BC76-52B3A235D05B}.Release|x86.ActiveCfg = Release|Any CPU
		{A0C8027A-A2AE-43D1-BC76-52B3A235D05B}.silverlight_Debug|Any CPU.ActiveCfg = Debug|Any CPU
		{A0C8027A-A2AE-43D1-BC76-52B3A235D05B}.silverlight_Debug|Mixed Platforms.ActiveCfg = Debug|Any CPU
		{A0C8027A-A2AE-43D1-BC76-52B3A235D05B}.silverlight_Debug|Win32.ActiveCfg = Debug|Any CPU
		{A0C8027A-A2AE-43D1-BC76-52B3A235D05B}.silverlight_Debug|x86.ActiveCfg = Debug|Any CPU
		{A0C8027A-A2AE-43D1-BC76-52B3A235D05B}.silverlight_Release|Any CPU.ActiveCfg = Release|Any CPU
		{A0C8027A-A2AE-43D1-BC76-52B3A235D05B}.silverlight_Release|Mixed Platforms.ActiveCfg = Release|Any CPU
		{A0C8027A-A2AE-43D1-BC76-52B3A235D05B}.silverlight_Release|Win32.ActiveCfg = Release|Any CPU
		{A0C8027A-A2AE-43D1-BC76-52B3A235D05B}.silverlight_Release|x86.ActiveCfg = Release|Any CPU
		{A0C8027A-A2AE-43D1-BC76-52B3A235D05B}.winphone_Debug|Any CPU.ActiveCfg = Debug|Any CPU
		{A0C8027A-A2AE-43D1-BC76-52B3A235D05B}.winphone_Debug|Mixed Platforms.ActiveCfg = Debug|Any CPU
		{A0C8027A-A2AE-43D1-BC76-52B3A235D05B}.winphone_Debug|Win32.ActiveCfg = Debug|Any CPU
		{A0C8027A-A2AE-43D1-BC76-52B3A235D05B}.winphone_Debug|x86.ActiveCfg = Debug|Any CPU
		{A0C8027A-A2AE-43D1-BC76-52B3A235D05B}.winphone_Release|Any CPU.ActiveCfg = Release|Any CPU
		{A0C8027A-A2AE-43D1-BC76-52B3A235D05B}.winphone_Release|Mixed Platforms.ActiveCfg = Release|Any CPU
		{A0C8027A-A2AE-43D1-BC76-52B3A235D05B}.winphone_Release|Win32.ActiveCfg = Release|Any CPU
		{A0C8027A-A2AE-43D1-BC76-52B3A235D05B}.winphone_Release|x86.ActiveCfg = Release|Any CPU
		{6C55B776-26D4-4DB3-A6AB-87E783B2F3D1}.Debug|Any CPU.ActiveCfg = Debug|Any CPU
		{6C55B776-26D4-4DB3-A6AB-87E783B2F3D1}.Debug|Any CPU.Build.0 = Debug|Any CPU
		{6C55B776-26D4-4DB3-A6AB-87E783B2F3D1}.Debug|Mixed Platforms.ActiveCfg = Debug|Any CPU
		{6C55B776-26D4-4DB3-A6AB-87E783B2F3D1}.Debug|Mixed Platforms.Build.0 = Debug|Any CPU
		{6C55B776-26D4-4DB3-A6AB-87E783B2F3D1}.Debug|Win32.ActiveCfg = Debug|Any CPU
		{6C55B776-26D4-4DB3-A6AB-87E783B2F3D1}.Debug|x86.ActiveCfg = Debug|Any CPU
		{6C55B776-26D4-4DB3-A6AB-87E783B2F3D1}.net_2_0_Debug|Any CPU.ActiveCfg = Debug|Any CPU
		{6C55B776-26D4-4DB3-A6AB-87E783B2F3D1}.net_2_0_Debug|Any CPU.Build.0 = Debug|Any CPU
		{6C55B776-26D4-4DB3-A6AB-87E783B2F3D1}.net_2_0_Debug|Mixed Platforms.ActiveCfg = Debug|Any CPU
		{6C55B776-26D4-4DB3-A6AB-87E783B2F3D1}.net_2_0_Debug|Mixed Platforms.Build.0 = Debug|Any CPU
		{6C55B776-26D4-4DB3-A6AB-87E783B2F3D1}.net_2_0_Debug|Win32.ActiveCfg = Debug|Any CPU
		{6C55B776-26D4-4DB3-A6AB-87E783B2F3D1}.net_2_0_Debug|x86.ActiveCfg = Debug|Any CPU
		{6C55B776-26D4-4DB3-A6AB-87E783B2F3D1}.net_2_0_Release|Any CPU.ActiveCfg = Release|Any CPU
		{6C55B776-26D4-4DB3-A6AB-87E783B2F3D1}.net_2_0_Release|Any CPU.Build.0 = Release|Any CPU
		{6C55B776-26D4-4DB3-A6AB-87E783B2F3D1}.net_2_0_Release|Mixed Platforms.ActiveCfg = Release|Any CPU
		{6C55B776-26D4-4DB3-A6AB-87E783B2F3D1}.net_2_0_Release|Mixed Platforms.Build.0 = Release|Any CPU
		{6C55B776-26D4-4DB3-A6AB-87E783B2F3D1}.net_2_0_Release|Win32.ActiveCfg = Release|Any CPU
		{6C55B776-26D4-4DB3-A6AB-87E783B2F3D1}.net_2_0_Release|x86.ActiveCfg = Release|Any CPU
		{6C55B776-26D4-4DB3-A6AB-87E783B2F3D1}.net_3_5_Debug|Any CPU.ActiveCfg = Debug|Any CPU
		{6C55B776-26D4-4DB3-A6AB-87E783B2F3D1}.net_3_5_Debug|Any CPU.Build.0 = Debug|Any CPU
		{6C55B776-26D4-4DB3-A6AB-87E783B2F3D1}.net_3_5_Debug|Mixed Platforms.ActiveCfg = Debug|Any CPU
		{6C55B776-26D4-4DB3-A6AB-87E783B2F3D1}.net_3_5_Debug|Mixed Platforms.Build.0 = Debug|Any CPU
		{6C55B776-26D4-4DB3-A6AB-87E783B2F3D1}.net_3_5_Debug|Win32.ActiveCfg = Debug|Any CPU
		{6C55B776-26D4-4DB3-A6AB-87E783B2F3D1}.net_3_5_Debug|x86.ActiveCfg = Debug|Any CPU
		{6C55B776-26D4-4DB3-A6AB-87E783B2F3D1}.net_3_5_Release|Any CPU.ActiveCfg = Release|Any CPU
		{6C55B776-26D4-4DB3-A6AB-87E783B2F3D1}.net_3_5_Release|Any CPU.Build.0 = Release|Any CPU
		{6C55B776-26D4-4DB3-A6AB-87E783B2F3D1}.net_3_5_Release|Mixed Platforms.ActiveCfg = Release|Any CPU
		{6C55B776-26D4-4DB3-A6AB-87E783B2F3D1}.net_3_5_Release|Mixed Platforms.Build.0 = Release|Any CPU
		{6C55B776-26D4-4DB3-A6AB-87E783B2F3D1}.net_3_5_Release|Win32.ActiveCfg = Release|Any CPU
		{6C55B776-26D4-4DB3-A6AB-87E783B2F3D1}.net_3_5_Release|x86.ActiveCfg = Release|Any CPU
		{6C55B776-26D4-4DB3-A6AB-87E783B2F3D1}.net_4_0_Debug|Any CPU.ActiveCfg = Debug|Any CPU
		{6C55B776-26D4-4DB3-A6AB-87E783B2F3D1}.net_4_0_Debug|Any CPU.Build.0 = Debug|Any CPU
		{6C55B776-26D4-4DB3-A6AB-87E783B2F3D1}.net_4_0_Debug|Mixed Platforms.ActiveCfg = Debug|Any CPU
		{6C55B776-26D4-4DB3-A6AB-87E783B2F3D1}.net_4_0_Debug|Mixed Platforms.Build.0 = Debug|Any CPU
		{6C55B776-26D4-4DB3-A6AB-87E783B2F3D1}.net_4_0_Debug|Win32.ActiveCfg = Debug|Any CPU
		{6C55B776-26D4-4DB3-A6AB-87E783B2F3D1}.net_4_0_Debug|x86.ActiveCfg = Debug|Any CPU
		{6C55B776-26D4-4DB3-A6AB-87E783B2F3D1}.net_4_0_Release|Any CPU.ActiveCfg = Release|Any CPU
		{6C55B776-26D4-4DB3-A6AB-87E783B2F3D1}.net_4_0_Release|Any CPU.Build.0 = Release|Any CPU
		{6C55B776-26D4-4DB3-A6AB-87E783B2F3D1}.net_4_0_Release|Mixed Platforms.ActiveCfg = Release|Any CPU
		{6C55B776-26D4-4DB3-A6AB-87E783B2F3D1}.net_4_0_Release|Mixed Platforms.Build.0 = Release|Any CPU
		{6C55B776-26D4-4DB3-A6AB-87E783B2F3D1}.net_4_0_Release|Win32.ActiveCfg = Release|Any CPU
		{6C55B776-26D4-4DB3-A6AB-87E783B2F3D1}.net_4_0_Release|x86.ActiveCfg = Release|Any CPU
		{6C55B776-26D4-4DB3-A6AB-87E783B2F3D1}.OpenRaTryCompile|Any CPU.ActiveCfg = Release|Any CPU
		{6C55B776-26D4-4DB3-A6AB-87E783B2F3D1}.OpenRaTryCompile|Any CPU.Build.0 = Release|Any CPU
		{6C55B776-26D4-4DB3-A6AB-87E783B2F3D1}.OpenRaTryCompile|Mixed Platforms.ActiveCfg = Release|Any CPU
		{6C55B776-26D4-4DB3-A6AB-87E783B2F3D1}.OpenRaTryCompile|Mixed Platforms.Build.0 = Release|Any CPU
		{6C55B776-26D4-4DB3-A6AB-87E783B2F3D1}.OpenRaTryCompile|Win32.ActiveCfg = Release|Any CPU
		{6C55B776-26D4-4DB3-A6AB-87E783B2F3D1}.OpenRaTryCompile|x86.ActiveCfg = Release|Any CPU
		{6C55B776-26D4-4DB3-A6AB-87E783B2F3D1}.Release|Any CPU.ActiveCfg = Release|Any CPU
		{6C55B776-26D4-4DB3-A6AB-87E783B2F3D1}.Release|Any CPU.Build.0 = Release|Any CPU
		{6C55B776-26D4-4DB3-A6AB-87E783B2F3D1}.Release|Mixed Platforms.ActiveCfg = Release|Any CPU
		{6C55B776-26D4-4DB3-A6AB-87E783B2F3D1}.Release|Mixed Platforms.Build.0 = Release|Any CPU
		{6C55B776-26D4-4DB3-A6AB-87E783B2F3D1}.Release|Win32.ActiveCfg = Release|Any CPU
		{6C55B776-26D4-4DB3-A6AB-87E783B2F3D1}.Release|x86.ActiveCfg = Release|Any CPU
		{6C55B776-26D4-4DB3-A6AB-87E783B2F3D1}.silverlight_Debug|Any CPU.ActiveCfg = Debug|Any CPU
		{6C55B776-26D4-4DB3-A6AB-87E783B2F3D1}.silverlight_Debug|Any CPU.Build.0 = Debug|Any CPU
		{6C55B776-26D4-4DB3-A6AB-87E783B2F3D1}.silverlight_Debug|Mixed Platforms.ActiveCfg = Debug|Any CPU
		{6C55B776-26D4-4DB3-A6AB-87E783B2F3D1}.silverlight_Debug|Mixed Platforms.Build.0 = Debug|Any CPU
		{6C55B776-26D4-4DB3-A6AB-87E783B2F3D1}.silverlight_Debug|Win32.ActiveCfg = Debug|Any CPU
		{6C55B776-26D4-4DB3-A6AB-87E783B2F3D1}.silverlight_Debug|x86.ActiveCfg = Debug|Any CPU
		{6C55B776-26D4-4DB3-A6AB-87E783B2F3D1}.silverlight_Release|Any CPU.ActiveCfg = Release|Any CPU
		{6C55B776-26D4-4DB3-A6AB-87E783B2F3D1}.silverlight_Release|Any CPU.Build.0 = Release|Any CPU
		{6C55B776-26D4-4DB3-A6AB-87E783B2F3D1}.silverlight_Release|Mixed Platforms.ActiveCfg = Release|Any CPU
		{6C55B776-26D4-4DB3-A6AB-87E783B2F3D1}.silverlight_Release|Mixed Platforms.Build.0 = Release|Any CPU
		{6C55B776-26D4-4DB3-A6AB-87E783B2F3D1}.silverlight_Release|Win32.ActiveCfg = Release|Any CPU
		{6C55B776-26D4-4DB3-A6AB-87E783B2F3D1}.silverlight_Release|x86.ActiveCfg = Release|Any CPU
		{6C55B776-26D4-4DB3-A6AB-87E783B2F3D1}.winphone_Debug|Any CPU.ActiveCfg = Debug|Any CPU
		{6C55B776-26D4-4DB3-A6AB-87E783B2F3D1}.winphone_Debug|Any CPU.Build.0 = Debug|Any CPU
		{6C55B776-26D4-4DB3-A6AB-87E783B2F3D1}.winphone_Debug|Mixed Platforms.ActiveCfg = Debug|Any CPU
		{6C55B776-26D4-4DB3-A6AB-87E783B2F3D1}.winphone_Debug|Mixed Platforms.Build.0 = Debug|Any CPU
		{6C55B776-26D4-4DB3-A6AB-87E783B2F3D1}.winphone_Debug|Win32.ActiveCfg = Debug|Any CPU
		{6C55B776-26D4-4DB3-A6AB-87E783B2F3D1}.winphone_Debug|x86.ActiveCfg = Debug|Any CPU
		{6C55B776-26D4-4DB3-A6AB-87E783B2F3D1}.winphone_Release|Any CPU.ActiveCfg = Release|Any CPU
		{6C55B776-26D4-4DB3-A6AB-87E783B2F3D1}.winphone_Release|Any CPU.Build.0 = Release|Any CPU
		{6C55B776-26D4-4DB3-A6AB-87E783B2F3D1}.winphone_Release|Mixed Platforms.ActiveCfg = Release|Any CPU
		{6C55B776-26D4-4DB3-A6AB-87E783B2F3D1}.winphone_Release|Mixed Platforms.Build.0 = Release|Any CPU
		{6C55B776-26D4-4DB3-A6AB-87E783B2F3D1}.winphone_Release|Win32.ActiveCfg = Release|Any CPU
		{6C55B776-26D4-4DB3-A6AB-87E783B2F3D1}.winphone_Release|x86.ActiveCfg = Release|Any CPU
		{82C28FBB-0408-466A-BE20-BD4A3CE76A75}.Debug|Any CPU.ActiveCfg = Debug|Any CPU
		{82C28FBB-0408-466A-BE20-BD4A3CE76A75}.Debug|Any CPU.Build.0 = Debug|Any CPU
		{82C28FBB-0408-466A-BE20-BD4A3CE76A75}.Debug|Mixed Platforms.ActiveCfg = Debug|Any CPU
		{82C28FBB-0408-466A-BE20-BD4A3CE76A75}.Debug|Mixed Platforms.Build.0 = Debug|Any CPU
		{82C28FBB-0408-466A-BE20-BD4A3CE76A75}.Debug|Win32.ActiveCfg = Debug|Any CPU
		{82C28FBB-0408-466A-BE20-BD4A3CE76A75}.Debug|x86.ActiveCfg = Debug|Any CPU
		{82C28FBB-0408-466A-BE20-BD4A3CE76A75}.net_2_0_Debug|Any CPU.ActiveCfg = Debug|Any CPU
		{82C28FBB-0408-466A-BE20-BD4A3CE76A75}.net_2_0_Debug|Any CPU.Build.0 = Debug|Any CPU
		{82C28FBB-0408-466A-BE20-BD4A3CE76A75}.net_2_0_Debug|Mixed Platforms.ActiveCfg = Debug|Any CPU
		{82C28FBB-0408-466A-BE20-BD4A3CE76A75}.net_2_0_Debug|Mixed Platforms.Build.0 = Debug|Any CPU
		{82C28FBB-0408-466A-BE20-BD4A3CE76A75}.net_2_0_Debug|Win32.ActiveCfg = Debug|Any CPU
		{82C28FBB-0408-466A-BE20-BD4A3CE76A75}.net_2_0_Debug|x86.ActiveCfg = Debug|Any CPU
		{82C28FBB-0408-466A-BE20-BD4A3CE76A75}.net_2_0_Release|Any CPU.ActiveCfg = Release|Any CPU
		{82C28FBB-0408-466A-BE20-BD4A3CE76A75}.net_2_0_Release|Any CPU.Build.0 = Release|Any CPU
		{82C28FBB-0408-466A-BE20-BD4A3CE76A75}.net_2_0_Release|Mixed Platforms.ActiveCfg = Release|Any CPU
		{82C28FBB-0408-466A-BE20-BD4A3CE76A75}.net_2_0_Release|Mixed Platforms.Build.0 = Release|Any CPU
		{82C28FBB-0408-466A-BE20-BD4A3CE76A75}.net_2_0_Release|Win32.ActiveCfg = Release|Any CPU
		{82C28FBB-0408-466A-BE20-BD4A3CE76A75}.net_2_0_Release|x86.ActiveCfg = Release|Any CPU
		{82C28FBB-0408-466A-BE20-BD4A3CE76A75}.net_3_5_Debug|Any CPU.ActiveCfg = Debug|Any CPU
		{82C28FBB-0408-466A-BE20-BD4A3CE76A75}.net_3_5_Debug|Any CPU.Build.0 = Debug|Any CPU
		{82C28FBB-0408-466A-BE20-BD4A3CE76A75}.net_3_5_Debug|Mixed Platforms.ActiveCfg = Debug|Any CPU
		{82C28FBB-0408-466A-BE20-BD4A3CE76A75}.net_3_5_Debug|Mixed Platforms.Build.0 = Debug|Any CPU
		{82C28FBB-0408-466A-BE20-BD4A3CE76A75}.net_3_5_Debug|Win32.ActiveCfg = Debug|Any CPU
		{82C28FBB-0408-466A-BE20-BD4A3CE76A75}.net_3_5_Debug|x86.ActiveCfg = Debug|Any CPU
		{82C28FBB-0408-466A-BE20-BD4A3CE76A75}.net_3_5_Release|Any CPU.ActiveCfg = Release|Any CPU
		{82C28FBB-0408-466A-BE20-BD4A3CE76A75}.net_3_5_Release|Any CPU.Build.0 = Release|Any CPU
		{82C28FBB-0408-466A-BE20-BD4A3CE76A75}.net_3_5_Release|Mixed Platforms.ActiveCfg = Release|Any CPU
		{82C28FBB-0408-466A-BE20-BD4A3CE76A75}.net_3_5_Release|Mixed Platforms.Build.0 = Release|Any CPU
		{82C28FBB-0408-466A-BE20-BD4A3CE76A75}.net_3_5_Release|Win32.ActiveCfg = Release|Any CPU
		{82C28FBB-0408-466A-BE20-BD4A3CE76A75}.net_3_5_Release|x86.ActiveCfg = Release|Any CPU
		{82C28FBB-0408-466A-BE20-BD4A3CE76A75}.net_4_0_Debug|Any CPU.ActiveCfg = Debug|Any CPU
		{82C28FBB-0408-466A-BE20-BD4A3CE76A75}.net_4_0_Debug|Any CPU.Build.0 = Debug|Any CPU
		{82C28FBB-0408-466A-BE20-BD4A3CE76A75}.net_4_0_Debug|Mixed Platforms.ActiveCfg = Debug|Any CPU
		{82C28FBB-0408-466A-BE20-BD4A3CE76A75}.net_4_0_Debug|Mixed Platforms.Build.0 = Debug|Any CPU
		{82C28FBB-0408-466A-BE20-BD4A3CE76A75}.net_4_0_Debug|Win32.ActiveCfg = Debug|Any CPU
		{82C28FBB-0408-466A-BE20-BD4A3CE76A75}.net_4_0_Debug|x86.ActiveCfg = Debug|Any CPU
		{82C28FBB-0408-466A-BE20-BD4A3CE76A75}.net_4_0_Release|Any CPU.ActiveCfg = Release|Any CPU
		{82C28FBB-0408-466A-BE20-BD4A3CE76A75}.net_4_0_Release|Any CPU.Build.0 = Release|Any CPU
		{82C28FBB-0408-466A-BE20-BD4A3CE76A75}.net_4_0_Release|Mixed Platforms.ActiveCfg = Release|Any CPU
		{82C28FBB-0408-466A-BE20-BD4A3CE76A75}.net_4_0_Release|Mixed Platforms.Build.0 = Release|Any CPU
		{82C28FBB-0408-466A-BE20-BD4A3CE76A75}.net_4_0_Release|Win32.ActiveCfg = Release|Any CPU
		{82C28FBB-0408-466A-BE20-BD4A3CE76A75}.net_4_0_Release|x86.ActiveCfg = Release|Any CPU
		{82C28FBB-0408-466A-BE20-BD4A3CE76A75}.OpenRaTryCompile|Any CPU.ActiveCfg = Release|Any CPU
		{82C28FBB-0408-466A-BE20-BD4A3CE76A75}.OpenRaTryCompile|Any CPU.Build.0 = Release|Any CPU
		{82C28FBB-0408-466A-BE20-BD4A3CE76A75}.OpenRaTryCompile|Mixed Platforms.ActiveCfg = Release|Any CPU
		{82C28FBB-0408-466A-BE20-BD4A3CE76A75}.OpenRaTryCompile|Mixed Platforms.Build.0 = Release|Any CPU
		{82C28FBB-0408-466A-BE20-BD4A3CE76A75}.OpenRaTryCompile|Win32.ActiveCfg = Release|Any CPU
		{82C28FBB-0408-466A-BE20-BD4A3CE76A75}.OpenRaTryCompile|x86.ActiveCfg = Release|Any CPU
		{82C28FBB-0408-466A-BE20-BD4A3CE76A75}.Release|Any CPU.ActiveCfg = Release|Any CPU
		{82C28FBB-0408-466A-BE20-BD4A3CE76A75}.Release|Any CPU.Build.0 = Release|Any CPU
		{82C28FBB-0408-466A-BE20-BD4A3CE76A75}.Release|Mixed Platforms.ActiveCfg = Release|Any CPU
		{82C28FBB-0408-466A-BE20-BD4A3CE76A75}.Release|Mixed Platforms.Build.0 = Release|Any CPU
		{82C28FBB-0408-466A-BE20-BD4A3CE76A75}.Release|Win32.ActiveCfg = Release|Any CPU
		{82C28FBB-0408-466A-BE20-BD4A3CE76A75}.Release|x86.ActiveCfg = Release|Any CPU
		{82C28FBB-0408-466A-BE20-BD4A3CE76A75}.silverlight_Debug|Any CPU.ActiveCfg = Debug|Any CPU
		{82C28FBB-0408-466A-BE20-BD4A3CE76A75}.silverlight_Debug|Any CPU.Build.0 = Debug|Any CPU
		{82C28FBB-0408-466A-BE20-BD4A3CE76A75}.silverlight_Debug|Mixed Platforms.ActiveCfg = Debug|Any CPU
		{82C28FBB-0408-466A-BE20-BD4A3CE76A75}.silverlight_Debug|Mixed Platforms.Build.0 = Debug|Any CPU
		{82C28FBB-0408-466A-BE20-BD4A3CE76A75}.silverlight_Debug|Win32.ActiveCfg = Debug|Any CPU
		{82C28FBB-0408-466A-BE20-BD4A3CE76A75}.silverlight_Debug|x86.ActiveCfg = Debug|Any CPU
		{82C28FBB-0408-466A-BE20-BD4A3CE76A75}.silverlight_Release|Any CPU.ActiveCfg = Release|Any CPU
		{82C28FBB-0408-466A-BE20-BD4A3CE76A75}.silverlight_Release|Any CPU.Build.0 = Release|Any CPU
		{82C28FBB-0408-466A-BE20-BD4A3CE76A75}.silverlight_Release|Mixed Platforms.ActiveCfg = Release|Any CPU
		{82C28FBB-0408-466A-BE20-BD4A3CE76A75}.silverlight_Release|Mixed Platforms.Build.0 = Release|Any CPU
		{82C28FBB-0408-466A-BE20-BD4A3CE76A75}.silverlight_Release|Win32.ActiveCfg = Release|Any CPU
		{82C28FBB-0408-466A-BE20-BD4A3CE76A75}.silverlight_Release|x86.ActiveCfg = Release|Any CPU
		{82C28FBB-0408-466A-BE20-BD4A3CE76A75}.winphone_Debug|Any CPU.ActiveCfg = Debug|Any CPU
		{82C28FBB-0408-466A-BE20-BD4A3CE76A75}.winphone_Debug|Any CPU.Build.0 = Debug|Any CPU
		{82C28FBB-0408-466A-BE20-BD4A3CE76A75}.winphone_Debug|Mixed Platforms.ActiveCfg = Debug|Any CPU
		{82C28FBB-0408-466A-BE20-BD4A3CE76A75}.winphone_Debug|Mixed Platforms.Build.0 = Debug|Any CPU
		{82C28FBB-0408-466A-BE20-BD4A3CE76A75}.winphone_Debug|Win32.ActiveCfg = Debug|Any CPU
		{82C28FBB-0408-466A-BE20-BD4A3CE76A75}.winphone_Debug|x86.ActiveCfg = Debug|Any CPU
		{82C28FBB-0408-466A-BE20-BD4A3CE76A75}.winphone_Release|Any CPU.ActiveCfg = Release|Any CPU
		{82C28FBB-0408-466A-BE20-BD4A3CE76A75}.winphone_Release|Any CPU.Build.0 = Release|Any CPU
		{82C28FBB-0408-466A-BE20-BD4A3CE76A75}.winphone_Release|Mixed Platforms.ActiveCfg = Release|Any CPU
		{82C28FBB-0408-466A-BE20-BD4A3CE76A75}.winphone_Release|Mixed Platforms.Build.0 = Release|Any CPU
		{82C28FBB-0408-466A-BE20-BD4A3CE76A75}.winphone_Release|Win32.ActiveCfg = Release|Any CPU
		{82C28FBB-0408-466A-BE20-BD4A3CE76A75}.winphone_Release|x86.ActiveCfg = Release|Any CPU
		{D5E8C55C-AA74-44ED-8B1F-DC4FD375D32F}.Debug|Any CPU.ActiveCfg = Debug|x86
		{D5E8C55C-AA74-44ED-8B1F-DC4FD375D32F}.Debug|Any CPU.Build.0 = Debug|x86
		{D5E8C55C-AA74-44ED-8B1F-DC4FD375D32F}.Debug|Mixed Platforms.ActiveCfg = Debug|x86
		{D5E8C55C-AA74-44ED-8B1F-DC4FD375D32F}.Debug|Mixed Platforms.Build.0 = Debug|x86
		{D5E8C55C-AA74-44ED-8B1F-DC4FD375D32F}.Debug|Win32.ActiveCfg = Debug|x86
		{D5E8C55C-AA74-44ED-8B1F-DC4FD375D32F}.Debug|Win32.Build.0 = Debug|x86
		{D5E8C55C-AA74-44ED-8B1F-DC4FD375D32F}.Debug|x86.ActiveCfg = Debug|x86
		{D5E8C55C-AA74-44ED-8B1F-DC4FD375D32F}.Debug|x86.Build.0 = Debug|x86
		{D5E8C55C-AA74-44ED-8B1F-DC4FD375D32F}.net_2_0_Debug|Any CPU.ActiveCfg = Debug|x86
		{D5E8C55C-AA74-44ED-8B1F-DC4FD375D32F}.net_2_0_Debug|Mixed Platforms.ActiveCfg = Debug|x86
		{D5E8C55C-AA74-44ED-8B1F-DC4FD375D32F}.net_2_0_Debug|Mixed Platforms.Build.0 = Debug|x86
		{D5E8C55C-AA74-44ED-8B1F-DC4FD375D32F}.net_2_0_Debug|Win32.ActiveCfg = Debug|x86
		{D5E8C55C-AA74-44ED-8B1F-DC4FD375D32F}.net_2_0_Debug|Win32.Build.0 = Debug|x86
		{D5E8C55C-AA74-44ED-8B1F-DC4FD375D32F}.net_2_0_Debug|x86.ActiveCfg = Debug|x86
		{D5E8C55C-AA74-44ED-8B1F-DC4FD375D32F}.net_2_0_Debug|x86.Build.0 = Debug|x86
		{D5E8C55C-AA74-44ED-8B1F-DC4FD375D32F}.net_2_0_Release|Any CPU.ActiveCfg = Release|x86
		{D5E8C55C-AA74-44ED-8B1F-DC4FD375D32F}.net_2_0_Release|Mixed Platforms.ActiveCfg = Release|x86
		{D5E8C55C-AA74-44ED-8B1F-DC4FD375D32F}.net_2_0_Release|Mixed Platforms.Build.0 = Release|x86
		{D5E8C55C-AA74-44ED-8B1F-DC4FD375D32F}.net_2_0_Release|Win32.ActiveCfg = Release|x86
		{D5E8C55C-AA74-44ED-8B1F-DC4FD375D32F}.net_2_0_Release|Win32.Build.0 = Release|x86
		{D5E8C55C-AA74-44ED-8B1F-DC4FD375D32F}.net_2_0_Release|x86.ActiveCfg = Release|x86
		{D5E8C55C-AA74-44ED-8B1F-DC4FD375D32F}.net_2_0_Release|x86.Build.0 = Release|x86
		{D5E8C55C-AA74-44ED-8B1F-DC4FD375D32F}.net_3_5_Debug|Any CPU.ActiveCfg = Debug|x86
		{D5E8C55C-AA74-44ED-8B1F-DC4FD375D32F}.net_3_5_Debug|Mixed Platforms.ActiveCfg = Debug|x86
		{D5E8C55C-AA74-44ED-8B1F-DC4FD375D32F}.net_3_5_Debug|Mixed Platforms.Build.0 = Debug|x86
		{D5E8C55C-AA74-44ED-8B1F-DC4FD375D32F}.net_3_5_Debug|Win32.ActiveCfg = Debug|x86
		{D5E8C55C-AA74-44ED-8B1F-DC4FD375D32F}.net_3_5_Debug|Win32.Build.0 = Debug|x86
		{D5E8C55C-AA74-44ED-8B1F-DC4FD375D32F}.net_3_5_Debug|x86.ActiveCfg = Debug|x86
		{D5E8C55C-AA74-44ED-8B1F-DC4FD375D32F}.net_3_5_Debug|x86.Build.0 = Debug|x86
		{D5E8C55C-AA74-44ED-8B1F-DC4FD375D32F}.net_3_5_Release|Any CPU.ActiveCfg = Release|x86
		{D5E8C55C-AA74-44ED-8B1F-DC4FD375D32F}.net_3_5_Release|Mixed Platforms.ActiveCfg = Release|x86
		{D5E8C55C-AA74-44ED-8B1F-DC4FD375D32F}.net_3_5_Release|Mixed Platforms.Build.0 = Release|x86
		{D5E8C55C-AA74-44ED-8B1F-DC4FD375D32F}.net_3_5_Release|Win32.ActiveCfg = Release|x86
		{D5E8C55C-AA74-44ED-8B1F-DC4FD375D32F}.net_3_5_Release|Win32.Build.0 = Release|x86
		{D5E8C55C-AA74-44ED-8B1F-DC4FD375D32F}.net_3_5_Release|x86.ActiveCfg = Release|x86
		{D5E8C55C-AA74-44ED-8B1F-DC4FD375D32F}.net_3_5_Release|x86.Build.0 = Release|x86
		{D5E8C55C-AA74-44ED-8B1F-DC4FD375D32F}.net_4_0_Debug|Any CPU.ActiveCfg = Debug|x86
		{D5E8C55C-AA74-44ED-8B1F-DC4FD375D32F}.net_4_0_Debug|Mixed Platforms.ActiveCfg = Debug|x86
		{D5E8C55C-AA74-44ED-8B1F-DC4FD375D32F}.net_4_0_Debug|Mixed Platforms.Build.0 = Debug|x86
		{D5E8C55C-AA74-44ED-8B1F-DC4FD375D32F}.net_4_0_Debug|Win32.ActiveCfg = Debug|x86
		{D5E8C55C-AA74-44ED-8B1F-DC4FD375D32F}.net_4_0_Debug|Win32.Build.0 = Debug|x86
		{D5E8C55C-AA74-44ED-8B1F-DC4FD375D32F}.net_4_0_Debug|x86.ActiveCfg = Debug|x86
		{D5E8C55C-AA74-44ED-8B1F-DC4FD375D32F}.net_4_0_Debug|x86.Build.0 = Debug|x86
		{D5E8C55C-AA74-44ED-8B1F-DC4FD375D32F}.net_4_0_Release|Any CPU.ActiveCfg = Release|x86
		{D5E8C55C-AA74-44ED-8B1F-DC4FD375D32F}.net_4_0_Release|Mixed Platforms.ActiveCfg = Release|x86
		{D5E8C55C-AA74-44ED-8B1F-DC4FD375D32F}.net_4_0_Release|Mixed Platforms.Build.0 = Release|x86
		{D5E8C55C-AA74-44ED-8B1F-DC4FD375D32F}.net_4_0_Release|Win32.ActiveCfg = Release|x86
		{D5E8C55C-AA74-44ED-8B1F-DC4FD375D32F}.net_4_0_Release|Win32.Build.0 = Release|x86
		{D5E8C55C-AA74-44ED-8B1F-DC4FD375D32F}.net_4_0_Release|x86.ActiveCfg = Release|x86
		{D5E8C55C-AA74-44ED-8B1F-DC4FD375D32F}.net_4_0_Release|x86.Build.0 = Release|x86
		{D5E8C55C-AA74-44ED-8B1F-DC4FD375D32F}.OpenRaTryCompile|Any CPU.ActiveCfg = Release|x86
		{D5E8C55C-AA74-44ED-8B1F-DC4FD375D32F}.OpenRaTryCompile|Mixed Platforms.ActiveCfg = Release|x86
		{D5E8C55C-AA74-44ED-8B1F-DC4FD375D32F}.OpenRaTryCompile|Mixed Platforms.Build.0 = Release|x86
		{D5E8C55C-AA74-44ED-8B1F-DC4FD375D32F}.OpenRaTryCompile|Win32.ActiveCfg = Release|x86
		{D5E8C55C-AA74-44ED-8B1F-DC4FD375D32F}.OpenRaTryCompile|Win32.Build.0 = Release|x86
		{D5E8C55C-AA74-44ED-8B1F-DC4FD375D32F}.OpenRaTryCompile|x86.ActiveCfg = Release|x86
		{D5E8C55C-AA74-44ED-8B1F-DC4FD375D32F}.OpenRaTryCompile|x86.Build.0 = Release|x86
		{D5E8C55C-AA74-44ED-8B1F-DC4FD375D32F}.Release|Any CPU.ActiveCfg = Release|x86
		{D5E8C55C-AA74-44ED-8B1F-DC4FD375D32F}.Release|Mixed Platforms.ActiveCfg = Release|x86
		{D5E8C55C-AA74-44ED-8B1F-DC4FD375D32F}.Release|Mixed Platforms.Build.0 = Release|x86
		{D5E8C55C-AA74-44ED-8B1F-DC4FD375D32F}.Release|Win32.ActiveCfg = Release|x86
		{D5E8C55C-AA74-44ED-8B1F-DC4FD375D32F}.Release|Win32.Build.0 = Release|x86
		{D5E8C55C-AA74-44ED-8B1F-DC4FD375D32F}.Release|x86.ActiveCfg = Release|x86
		{D5E8C55C-AA74-44ED-8B1F-DC4FD375D32F}.Release|x86.Build.0 = Release|x86
		{D5E8C55C-AA74-44ED-8B1F-DC4FD375D32F}.silverlight_Debug|Any CPU.ActiveCfg = Debug|x86
		{D5E8C55C-AA74-44ED-8B1F-DC4FD375D32F}.silverlight_Debug|Mixed Platforms.ActiveCfg = Debug|x86
		{D5E8C55C-AA74-44ED-8B1F-DC4FD375D32F}.silverlight_Debug|Mixed Platforms.Build.0 = Debug|x86
		{D5E8C55C-AA74-44ED-8B1F-DC4FD375D32F}.silverlight_Debug|Win32.ActiveCfg = Debug|x86
		{D5E8C55C-AA74-44ED-8B1F-DC4FD375D32F}.silverlight_Debug|Win32.Build.0 = Debug|x86
		{D5E8C55C-AA74-44ED-8B1F-DC4FD375D32F}.silverlight_Debug|x86.ActiveCfg = Debug|x86
		{D5E8C55C-AA74-44ED-8B1F-DC4FD375D32F}.silverlight_Debug|x86.Build.0 = Debug|x86
		{D5E8C55C-AA74-44ED-8B1F-DC4FD375D32F}.silverlight_Release|Any CPU.ActiveCfg = Release|x86
		{D5E8C55C-AA74-44ED-8B1F-DC4FD375D32F}.silverlight_Release|Mixed Platforms.ActiveCfg = Release|x86
		{D5E8C55C-AA74-44ED-8B1F-DC4FD375D32F}.silverlight_Release|Mixed Platforms.Build.0 = Release|x86
		{D5E8C55C-AA74-44ED-8B1F-DC4FD375D32F}.silverlight_Release|Win32.ActiveCfg = Release|x86
		{D5E8C55C-AA74-44ED-8B1F-DC4FD375D32F}.silverlight_Release|Win32.Build.0 = Release|x86
		{D5E8C55C-AA74-44ED-8B1F-DC4FD375D32F}.silverlight_Release|x86.ActiveCfg = Release|x86
		{D5E8C55C-AA74-44ED-8B1F-DC4FD375D32F}.silverlight_Release|x86.Build.0 = Release|x86
		{D5E8C55C-AA74-44ED-8B1F-DC4FD375D32F}.winphone_Debug|Any CPU.ActiveCfg = Debug|x86
		{D5E8C55C-AA74-44ED-8B1F-DC4FD375D32F}.winphone_Debug|Mixed Platforms.ActiveCfg = Debug|x86
		{D5E8C55C-AA74-44ED-8B1F-DC4FD375D32F}.winphone_Debug|Mixed Platforms.Build.0 = Debug|x86
		{D5E8C55C-AA74-44ED-8B1F-DC4FD375D32F}.winphone_Debug|Win32.ActiveCfg = Debug|x86
		{D5E8C55C-AA74-44ED-8B1F-DC4FD375D32F}.winphone_Debug|Win32.Build.0 = Debug|x86
		{D5E8C55C-AA74-44ED-8B1F-DC4FD375D32F}.winphone_Debug|x86.ActiveCfg = Debug|x86
		{D5E8C55C-AA74-44ED-8B1F-DC4FD375D32F}.winphone_Debug|x86.Build.0 = Debug|x86
		{D5E8C55C-AA74-44ED-8B1F-DC4FD375D32F}.winphone_Release|Any CPU.ActiveCfg = Release|x86
		{D5E8C55C-AA74-44ED-8B1F-DC4FD375D32F}.winphone_Release|Mixed Platforms.ActiveCfg = Release|x86
		{D5E8C55C-AA74-44ED-8B1F-DC4FD375D32F}.winphone_Release|Mixed Platforms.Build.0 = Release|x86
		{D5E8C55C-AA74-44ED-8B1F-DC4FD375D32F}.winphone_Release|Win32.ActiveCfg = Release|x86
		{D5E8C55C-AA74-44ED-8B1F-DC4FD375D32F}.winphone_Release|Win32.Build.0 = Release|x86
		{D5E8C55C-AA74-44ED-8B1F-DC4FD375D32F}.winphone_Release|x86.ActiveCfg = Release|x86
		{D5E8C55C-AA74-44ED-8B1F-DC4FD375D32F}.winphone_Release|x86.Build.0 = Release|x86
	EndGlobalSection
	GlobalSection(SolutionProperties) = preSolution
		HideSolutionNode = FALSE
	EndGlobalSection
	GlobalSection(NestedProjects) = preSolution
		{EE8B9057-95F4-4AB9-BC91-F0ED3D56FE38} = {A0B28E32-7BB3-4465-9B77-8BCF06C68581}
		{25423DB3-1CAF-42AF-9122-8922DA6A2E53} = {A0B28E32-7BB3-4465-9B77-8BCF06C68581}
		{2F7063CF-FFF5-4F2E-9643-1ACB96A889E5} = {A0B28E32-7BB3-4465-9B77-8BCF06C68581}
		{6C4BC5D1-CE1E-4152-AB7D-0EE10C64496D} = {2F7063CF-FFF5-4F2E-9643-1ACB96A889E5}
		{64825421-C03C-4F00-92D9-1A3822D4022F} = {A0B28E32-7BB3-4465-9B77-8BCF06C68581}
		{10CEF783-53C3-42A7-940A-73773A2AF24F} = {64825421-C03C-4F00-92D9-1A3822D4022F}
		{97B010AB-0756-46DC-B75A-7A6C4F6FF28D} = {64825421-C03C-4F00-92D9-1A3822D4022F}
		{D5B3D733-B6AB-4574-ABFF-651A5BBC3B33} = {BA2C624C-A9B0-4DB1-81B2-C9400171914A}
		{A0C8027A-A2AE-43D1-BC76-52B3A235D05B} = {BA2C624C-A9B0-4DB1-81B2-C9400171914A}
		{76470B8C-EE8C-41F3-B7E7-9F527EA9468A} = {BA2C624C-A9B0-4DB1-81B2-C9400171914A}
		{6C55B776-26D4-4DB3-A6AB-87E783B2F3D1} = {76470B8C-EE8C-41F3-B7E7-9F527EA9468A}
		{82C28FBB-0408-466A-BE20-BD4A3CE76A75} = {76470B8C-EE8C-41F3-B7E7-9F527EA9468A}
		{D5E8C55C-AA74-44ED-8B1F-DC4FD375D32F} = {76470B8C-EE8C-41F3-B7E7-9F527EA9468A}
	EndGlobalSection
EndGlobal
