
Microsoft Visual Studio Solution File, Format Version 12.00
# Visual Studio 2012
Project("{2150E333-8FDC-42A3-9474-1A3956D46DE8}") = "Deploy", "Deploy", "{A0B28E32-7BB3-4465-9B77-8BCF06C68581}"
EndProject
Project("{FAE04EC0-301F-11D3-BF4B-00C04F79EFBC}") = "CodeRefractor.Compiler", "MsilCodeCompiler\CodeRefractor.Compiler.csproj", "{EE8B9057-95F4-4AB9-BC91-F0ED3D56FE38}"
	ProjectSection(ProjectDependencies) = postProject
		{25423DB3-1CAF-42AF-9122-8922DA6A2E53} = {25423DB3-1CAF-42AF-9122-8922DA6A2E53}
	EndProjectSection
EndProject
Project("{FAE04EC0-301F-11D3-BF4B-00C04F79EFBC}") = "SimpleAdditions", "VmTests\Projects\SimpleAdditions\SimpleAdditions.csproj", "{25423DB3-1CAF-42AF-9122-8922DA6A2E53}"
EndProject
Project("{FAE04EC0-301F-11D3-BF4B-00C04F79EFBC}") = "MsilCodeCompiler.Tests", "VmTests\MsilCodeCompiler.Tests\MsilCodeCompiler.Tests.csproj", "{D5B3D733-B6AB-4574-ABFF-651A5BBC3B33}"
EndProject
Project("{FAE04EC0-301F-11D3-BF4B-00C04F79EFBC}") = "CodeRefractor.RuntimeBase", "Common\CodeRefractor.RuntimeBase\CodeRefractor.RuntimeBase.csproj", "{10CEF783-53C3-42A7-940A-73773A2AF24F}"
EndProject
Project("{FAE04EC0-301F-11D3-BF4B-00C04F79EFBC}") = "CodeRefactor.OpenRuntime", "Common\CodeRefactor.OpenRuntime\CodeRefactor.OpenRuntime.csproj", "{6C4BC5D1-CE1E-4152-AB7D-0EE10C64496D}"
EndProject
Project("{2150E333-8FDC-42A3-9474-1A3956D46DE8}") = "Views", "Views", "{BA2C624C-A9B0-4DB1-81B2-C9400171914A}"
EndProject
Project("{FAE04EC0-301F-11D3-BF4B-00C04F79EFBC}") = "CodeRefractor.Launcher", "Views\CodeRefractor.Launcher\CodeRefractor.Launcher.csproj", "{FFDA9130-7264-483B-A65B-03339763A2F2}"
EndProject
Project("{2150E333-8FDC-42A3-9474-1A3956D46DE8}") = "Libraries", "Libraries", "{2F7063CF-FFF5-4F2E-9643-1ACB96A889E5}"
EndProject
Project("{FAE04EC0-301F-11D3-BF4B-00C04F79EFBC}") = "ClassOpenRuntimeCodeGenerator", "ClassOpenRuntimeCodeGenerator\ClassOpenRuntimeCodeGenerator.csproj", "{35971F4C-F0E3-4D0B-8500-60ECB761AF1E}"
EndProject
Project("{FAE04EC0-301F-11D3-BF4B-00C04F79EFBC}") = "CodeRefractor.CompilerBackend", "Compiler\Backend\CodeRefractor.CompilerBackend\CodeRefractor.CompilerBackend.csproj", "{F6805C3F-DF9C-424A-A27F-2BBFF2707221}"
EndProject
Project("{2150E333-8FDC-42A3-9474-1A3956D46DE8}") = "Compiler", "Compiler", "{64825421-C03C-4F00-92D9-1A3822D4022F}"
EndProject
Project("{8BC9CEB8-8B4A-11D0-8D11-00A0C91BC942}") = "CodeRefactorCppDebugging", "CodeRefactorCppDebugging\CodeRefactorCppDebugging.vcxproj", "{468DF034-0318-4E48-A0B9-E9D97E77CE8C}"
EndProject
Project("{FAE04EC0-301F-11D3-BF4B-00C04F79EFBC}") = "MsilReader", "Compiler\Frontend\MsilReader\MsilReader.csproj", "{1B6CF014-6CBD-4A06-A4DE-50656C61B5C7}"
EndProject
Global
	GlobalSection(SolutionConfigurationPlatforms) = preSolution
		Debug|Any CPU = Debug|Any CPU
		Debug|Mixed Platforms = Debug|Mixed Platforms
		Debug|Win32 = Debug|Win32
		Debug|x86 = Debug|x86
		OpenRaTryCompile|Any CPU = OpenRaTryCompile|Any CPU
		OpenRaTryCompile|Mixed Platforms = OpenRaTryCompile|Mixed Platforms
		OpenRaTryCompile|Win32 = OpenRaTryCompile|Win32
		OpenRaTryCompile|x86 = OpenRaTryCompile|x86
		Release|Any CPU = Release|Any CPU
		Release|Mixed Platforms = Release|Mixed Platforms
		Release|Win32 = Release|Win32
		Release|x86 = Release|x86
	EndGlobalSection
	GlobalSection(ProjectConfigurationPlatforms) = postSolution
		{EE8B9057-95F4-4AB9-BC91-F0ED3D56FE38}.Debug|Any CPU.ActiveCfg = Debug|x86
		{EE8B9057-95F4-4AB9-BC91-F0ED3D56FE38}.Debug|Mixed Platforms.ActiveCfg = Debug|x86
		{EE8B9057-95F4-4AB9-BC91-F0ED3D56FE38}.Debug|Mixed Platforms.Build.0 = Debug|x86
		{EE8B9057-95F4-4AB9-BC91-F0ED3D56FE38}.Debug|Win32.ActiveCfg = Debug|x86
		{EE8B9057-95F4-4AB9-BC91-F0ED3D56FE38}.Debug|x86.ActiveCfg = Debug|x86
		{EE8B9057-95F4-4AB9-BC91-F0ED3D56FE38}.Debug|x86.Build.0 = Debug|x86
		{EE8B9057-95F4-4AB9-BC91-F0ED3D56FE38}.OpenRaTryCompile|Any CPU.ActiveCfg = OpenRaTryCompile|Any CPU
		{EE8B9057-95F4-4AB9-BC91-F0ED3D56FE38}.OpenRaTryCompile|Any CPU.Build.0 = OpenRaTryCompile|Any CPU
		{EE8B9057-95F4-4AB9-BC91-F0ED3D56FE38}.OpenRaTryCompile|Mixed Platforms.ActiveCfg = OpenRaTryCompile|x86
		{EE8B9057-95F4-4AB9-BC91-F0ED3D56FE38}.OpenRaTryCompile|Mixed Platforms.Build.0 = OpenRaTryCompile|x86
		{EE8B9057-95F4-4AB9-BC91-F0ED3D56FE38}.OpenRaTryCompile|Win32.ActiveCfg = OpenRaTryCompile|x86
		{EE8B9057-95F4-4AB9-BC91-F0ED3D56FE38}.OpenRaTryCompile|Win32.Build.0 = OpenRaTryCompile|x86
		{EE8B9057-95F4-4AB9-BC91-F0ED3D56FE38}.OpenRaTryCompile|x86.ActiveCfg = OpenRaTryCompile|x86
		{EE8B9057-95F4-4AB9-BC91-F0ED3D56FE38}.OpenRaTryCompile|x86.Build.0 = OpenRaTryCompile|x86
		{EE8B9057-95F4-4AB9-BC91-F0ED3D56FE38}.Release|Any CPU.ActiveCfg = Release|x86
		{EE8B9057-95F4-4AB9-BC91-F0ED3D56FE38}.Release|Mixed Platforms.ActiveCfg = Release|x86
		{EE8B9057-95F4-4AB9-BC91-F0ED3D56FE38}.Release|Mixed Platforms.Build.0 = Release|x86
		{EE8B9057-95F4-4AB9-BC91-F0ED3D56FE38}.Release|Win32.ActiveCfg = Release|x86
		{EE8B9057-95F4-4AB9-BC91-F0ED3D56FE38}.Release|x86.ActiveCfg = Release|x86
		{EE8B9057-95F4-4AB9-BC91-F0ED3D56FE38}.Release|x86.Build.0 = Release|x86
		{25423DB3-1CAF-42AF-9122-8922DA6A2E53}.Debug|Any CPU.ActiveCfg = Debug|x86
		{25423DB3-1CAF-42AF-9122-8922DA6A2E53}.Debug|Mixed Platforms.ActiveCfg = Debug|x86
		{25423DB3-1CAF-42AF-9122-8922DA6A2E53}.Debug|Mixed Platforms.Build.0 = Debug|x86
		{25423DB3-1CAF-42AF-9122-8922DA6A2E53}.Debug|Win32.ActiveCfg = Debug|x86
		{25423DB3-1CAF-42AF-9122-8922DA6A2E53}.Debug|x86.ActiveCfg = Debug|x86
		{25423DB3-1CAF-42AF-9122-8922DA6A2E53}.Debug|x86.Build.0 = Debug|x86
		{25423DB3-1CAF-42AF-9122-8922DA6A2E53}.OpenRaTryCompile|Any CPU.ActiveCfg = OpenRaTryCompile|x86
		{25423DB3-1CAF-42AF-9122-8922DA6A2E53}.OpenRaTryCompile|Mixed Platforms.ActiveCfg = OpenRaTryCompile|x86
		{25423DB3-1CAF-42AF-9122-8922DA6A2E53}.OpenRaTryCompile|Mixed Platforms.Build.0 = OpenRaTryCompile|x86
		{25423DB3-1CAF-42AF-9122-8922DA6A2E53}.OpenRaTryCompile|Win32.ActiveCfg = OpenRaTryCompile|x86
		{25423DB3-1CAF-42AF-9122-8922DA6A2E53}.OpenRaTryCompile|Win32.Build.0 = OpenRaTryCompile|x86
		{25423DB3-1CAF-42AF-9122-8922DA6A2E53}.OpenRaTryCompile|x86.ActiveCfg = OpenRaTryCompile|x86
		{25423DB3-1CAF-42AF-9122-8922DA6A2E53}.OpenRaTryCompile|x86.Build.0 = OpenRaTryCompile|x86
		{25423DB3-1CAF-42AF-9122-8922DA6A2E53}.Release|Any CPU.ActiveCfg = Release|x86
		{25423DB3-1CAF-42AF-9122-8922DA6A2E53}.Release|Mixed Platforms.ActiveCfg = Release|x86
		{25423DB3-1CAF-42AF-9122-8922DA6A2E53}.Release|Mixed Platforms.Build.0 = Release|x86
		{25423DB3-1CAF-42AF-9122-8922DA6A2E53}.Release|Win32.ActiveCfg = Release|x86
		{25423DB3-1CAF-42AF-9122-8922DA6A2E53}.Release|x86.ActiveCfg = Release|x86
		{25423DB3-1CAF-42AF-9122-8922DA6A2E53}.Release|x86.Build.0 = Release|x86
		{D5B3D733-B6AB-4574-ABFF-651A5BBC3B33}.Debug|Any CPU.ActiveCfg = Debug|Any CPU
		{D5B3D733-B6AB-4574-ABFF-651A5BBC3B33}.Debug|Any CPU.Build.0 = Debug|Any CPU
		{D5B3D733-B6AB-4574-ABFF-651A5BBC3B33}.Debug|Mixed Platforms.ActiveCfg = Debug|Any CPU
		{D5B3D733-B6AB-4574-ABFF-651A5BBC3B33}.Debug|Mixed Platforms.Build.0 = Debug|Any CPU
		{D5B3D733-B6AB-4574-ABFF-651A5BBC3B33}.Debug|Win32.ActiveCfg = Debug|Any CPU
		{D5B3D733-B6AB-4574-ABFF-651A5BBC3B33}.Debug|x86.ActiveCfg = Debug|Any CPU
		{D5B3D733-B6AB-4574-ABFF-651A5BBC3B33}.OpenRaTryCompile|Any CPU.ActiveCfg = OpenRaTryCompile|Any CPU
		{D5B3D733-B6AB-4574-ABFF-651A5BBC3B33}.OpenRaTryCompile|Any CPU.Build.0 = OpenRaTryCompile|Any CPU
		{D5B3D733-B6AB-4574-ABFF-651A5BBC3B33}.OpenRaTryCompile|Mixed Platforms.ActiveCfg = OpenRaTryCompile|Any CPU
		{D5B3D733-B6AB-4574-ABFF-651A5BBC3B33}.OpenRaTryCompile|Mixed Platforms.Build.0 = OpenRaTryCompile|Any CPU
		{D5B3D733-B6AB-4574-ABFF-651A5BBC3B33}.OpenRaTryCompile|Win32.ActiveCfg = OpenRaTryCompile|Any CPU
		{D5B3D733-B6AB-4574-ABFF-651A5BBC3B33}.OpenRaTryCompile|x86.ActiveCfg = OpenRaTryCompile|Any CPU
		{D5B3D733-B6AB-4574-ABFF-651A5BBC3B33}.Release|Any CPU.ActiveCfg = Release|Any CPU
		{D5B3D733-B6AB-4574-ABFF-651A5BBC3B33}.Release|Any CPU.Build.0 = Release|Any CPU
		{D5B3D733-B6AB-4574-ABFF-651A5BBC3B33}.Release|Mixed Platforms.ActiveCfg = Release|Any CPU
		{D5B3D733-B6AB-4574-ABFF-651A5BBC3B33}.Release|Mixed Platforms.Build.0 = Release|Any CPU
		{D5B3D733-B6AB-4574-ABFF-651A5BBC3B33}.Release|Win32.ActiveCfg = Release|Any CPU
		{D5B3D733-B6AB-4574-ABFF-651A5BBC3B33}.Release|x86.ActiveCfg = Release|Any CPU
		{10CEF783-53C3-42A7-940A-73773A2AF24F}.Debug|Any CPU.ActiveCfg = Debug|Any CPU
		{10CEF783-53C3-42A7-940A-73773A2AF24F}.Debug|Any CPU.Build.0 = Debug|Any CPU
		{10CEF783-53C3-42A7-940A-73773A2AF24F}.Debug|Mixed Platforms.ActiveCfg = Debug|Any CPU
		{10CEF783-53C3-42A7-940A-73773A2AF24F}.Debug|Mixed Platforms.Build.0 = Debug|Any CPU
		{10CEF783-53C3-42A7-940A-73773A2AF24F}.Debug|Win32.ActiveCfg = Debug|Any CPU
		{10CEF783-53C3-42A7-940A-73773A2AF24F}.Debug|x86.ActiveCfg = Debug|Any CPU
		{10CEF783-53C3-42A7-940A-73773A2AF24F}.OpenRaTryCompile|Any CPU.ActiveCfg = OpenRaTryCompile|Any CPU
		{10CEF783-53C3-42A7-940A-73773A2AF24F}.OpenRaTryCompile|Any CPU.Build.0 = OpenRaTryCompile|Any CPU
		{10CEF783-53C3-42A7-940A-73773A2AF24F}.OpenRaTryCompile|Mixed Platforms.ActiveCfg = OpenRaTryCompile|Any CPU
		{10CEF783-53C3-42A7-940A-73773A2AF24F}.OpenRaTryCompile|Mixed Platforms.Build.0 = OpenRaTryCompile|Any CPU
		{10CEF783-53C3-42A7-940A-73773A2AF24F}.OpenRaTryCompile|Win32.ActiveCfg = OpenRaTryCompile|Any CPU
		{10CEF783-53C3-42A7-940A-73773A2AF24F}.OpenRaTryCompile|x86.ActiveCfg = OpenRaTryCompile|Any CPU
		{10CEF783-53C3-42A7-940A-73773A2AF24F}.Release|Any CPU.ActiveCfg = Release|Any CPU
		{10CEF783-53C3-42A7-940A-73773A2AF24F}.Release|Any CPU.Build.0 = Release|Any CPU
		{10CEF783-53C3-42A7-940A-73773A2AF24F}.Release|Mixed Platforms.ActiveCfg = Release|Any CPU
		{10CEF783-53C3-42A7-940A-73773A2AF24F}.Release|Mixed Platforms.Build.0 = Release|Any CPU
		{10CEF783-53C3-42A7-940A-73773A2AF24F}.Release|Win32.ActiveCfg = Release|Any CPU
		{10CEF783-53C3-42A7-940A-73773A2AF24F}.Release|x86.ActiveCfg = Release|Any CPU
		{6C4BC5D1-CE1E-4152-AB7D-0EE10C64496D}.Debug|Any CPU.ActiveCfg = Debug|Any CPU
		{6C4BC5D1-CE1E-4152-AB7D-0EE10C64496D}.Debug|Any CPU.Build.0 = Debug|Any CPU
		{6C4BC5D1-CE1E-4152-AB7D-0EE10C64496D}.Debug|Mixed Platforms.ActiveCfg = Debug|x86
		{6C4BC5D1-CE1E-4152-AB7D-0EE10C64496D}.Debug|Mixed Platforms.Build.0 = Debug|x86
		{6C4BC5D1-CE1E-4152-AB7D-0EE10C64496D}.Debug|Win32.ActiveCfg = Debug|Any CPU
		{6C4BC5D1-CE1E-4152-AB7D-0EE10C64496D}.Debug|x86.ActiveCfg = Debug|Any CPU
		{6C4BC5D1-CE1E-4152-AB7D-0EE10C64496D}.OpenRaTryCompile|Any CPU.ActiveCfg = OpenRaTryCompile|Any CPU
		{6C4BC5D1-CE1E-4152-AB7D-0EE10C64496D}.OpenRaTryCompile|Any CPU.Build.0 = OpenRaTryCompile|Any CPU
		{6C4BC5D1-CE1E-4152-AB7D-0EE10C64496D}.OpenRaTryCompile|Mixed Platforms.ActiveCfg = OpenRaTryCompile|x86
		{6C4BC5D1-CE1E-4152-AB7D-0EE10C64496D}.OpenRaTryCompile|Mixed Platforms.Build.0 = OpenRaTryCompile|x86
		{6C4BC5D1-CE1E-4152-AB7D-0EE10C64496D}.OpenRaTryCompile|Win32.ActiveCfg = OpenRaTryCompile|x86
		{6C4BC5D1-CE1E-4152-AB7D-0EE10C64496D}.OpenRaTryCompile|Win32.Build.0 = OpenRaTryCompile|x86
		{6C4BC5D1-CE1E-4152-AB7D-0EE10C64496D}.OpenRaTryCompile|x86.ActiveCfg = OpenRaTryCompile|x86
		{6C4BC5D1-CE1E-4152-AB7D-0EE10C64496D}.OpenRaTryCompile|x86.Build.0 = OpenRaTryCompile|x86
		{6C4BC5D1-CE1E-4152-AB7D-0EE10C64496D}.Release|Any CPU.ActiveCfg = Release|Any CPU
		{6C4BC5D1-CE1E-4152-AB7D-0EE10C64496D}.Release|Any CPU.Build.0 = Release|Any CPU
		{6C4BC5D1-CE1E-4152-AB7D-0EE10C64496D}.Release|Mixed Platforms.ActiveCfg = Release|Any CPU
		{6C4BC5D1-CE1E-4152-AB7D-0EE10C64496D}.Release|Mixed Platforms.Build.0 = Release|Any CPU
		{6C4BC5D1-CE1E-4152-AB7D-0EE10C64496D}.Release|Win32.ActiveCfg = Release|Any CPU
		{6C4BC5D1-CE1E-4152-AB7D-0EE10C64496D}.Release|x86.ActiveCfg = Release|Any CPU
		{FFDA9130-7264-483B-A65B-03339763A2F2}.Debug|Any CPU.ActiveCfg = Debug|x86
		{FFDA9130-7264-483B-A65B-03339763A2F2}.Debug|Mixed Platforms.ActiveCfg = Debug|x86
		{FFDA9130-7264-483B-A65B-03339763A2F2}.Debug|Mixed Platforms.Build.0 = Debug|x86
		{FFDA9130-7264-483B-A65B-03339763A2F2}.Debug|Win32.ActiveCfg = Debug|x86
		{FFDA9130-7264-483B-A65B-03339763A2F2}.Debug|x86.ActiveCfg = Debug|x86
		{FFDA9130-7264-483B-A65B-03339763A2F2}.Debug|x86.Build.0 = Debug|x86
		{FFDA9130-7264-483B-A65B-03339763A2F2}.OpenRaTryCompile|Any CPU.ActiveCfg = OpenRaTryCompile|x86
		{FFDA9130-7264-483B-A65B-03339763A2F2}.OpenRaTryCompile|Mixed Platforms.ActiveCfg = OpenRaTryCompile|x86
		{FFDA9130-7264-483B-A65B-03339763A2F2}.OpenRaTryCompile|Mixed Platforms.Build.0 = OpenRaTryCompile|x86
		{FFDA9130-7264-483B-A65B-03339763A2F2}.OpenRaTryCompile|Win32.ActiveCfg = OpenRaTryCompile|x86
		{FFDA9130-7264-483B-A65B-03339763A2F2}.OpenRaTryCompile|Win32.Build.0 = OpenRaTryCompile|x86
		{FFDA9130-7264-483B-A65B-03339763A2F2}.OpenRaTryCompile|x86.ActiveCfg = OpenRaTryCompile|x86
		{FFDA9130-7264-483B-A65B-03339763A2F2}.OpenRaTryCompile|x86.Build.0 = OpenRaTryCompile|x86
		{FFDA9130-7264-483B-A65B-03339763A2F2}.Release|Any CPU.ActiveCfg = Release|x86
		{FFDA9130-7264-483B-A65B-03339763A2F2}.Release|Mixed Platforms.ActiveCfg = Release|x86
		{FFDA9130-7264-483B-A65B-03339763A2F2}.Release|Mixed Platforms.Build.0 = Release|x86
		{FFDA9130-7264-483B-A65B-03339763A2F2}.Release|Win32.ActiveCfg = Release|x86
		{FFDA9130-7264-483B-A65B-03339763A2F2}.Release|x86.ActiveCfg = Release|x86
		{FFDA9130-7264-483B-A65B-03339763A2F2}.Release|x86.Build.0 = Release|x86
		{35971F4C-F0E3-4D0B-8500-60ECB761AF1E}.Debug|Any CPU.ActiveCfg = Debug|x86
		{35971F4C-F0E3-4D0B-8500-60ECB761AF1E}.Debug|Mixed Platforms.ActiveCfg = Debug|x86
		{35971F4C-F0E3-4D0B-8500-60ECB761AF1E}.Debug|Mixed Platforms.Build.0 = Debug|x86
		{35971F4C-F0E3-4D0B-8500-60ECB761AF1E}.Debug|Win32.ActiveCfg = Debug|x86
		{35971F4C-F0E3-4D0B-8500-60ECB761AF1E}.Debug|x86.ActiveCfg = Debug|x86
		{35971F4C-F0E3-4D0B-8500-60ECB761AF1E}.Debug|x86.Build.0 = Debug|x86
		{35971F4C-F0E3-4D0B-8500-60ECB761AF1E}.OpenRaTryCompile|Any CPU.ActiveCfg = OpenRaTryCompile|x86
		{35971F4C-F0E3-4D0B-8500-60ECB761AF1E}.OpenRaTryCompile|Mixed Platforms.ActiveCfg = OpenRaTryCompile|x86
		{35971F4C-F0E3-4D0B-8500-60ECB761AF1E}.OpenRaTryCompile|Mixed Platforms.Build.0 = OpenRaTryCompile|x86
		{35971F4C-F0E3-4D0B-8500-60ECB761AF1E}.OpenRaTryCompile|Win32.ActiveCfg = OpenRaTryCompile|x86
		{35971F4C-F0E3-4D0B-8500-60ECB761AF1E}.OpenRaTryCompile|Win32.Build.0 = OpenRaTryCompile|x86
		{35971F4C-F0E3-4D0B-8500-60ECB761AF1E}.OpenRaTryCompile|x86.ActiveCfg = OpenRaTryCompile|x86
		{35971F4C-F0E3-4D0B-8500-60ECB761AF1E}.OpenRaTryCompile|x86.Build.0 = OpenRaTryCompile|x86
		{35971F4C-F0E3-4D0B-8500-60ECB761AF1E}.Release|Any CPU.ActiveCfg = Release|x86
		{35971F4C-F0E3-4D0B-8500-60ECB761AF1E}.Release|Mixed Platforms.ActiveCfg = Release|x86
		{35971F4C-F0E3-4D0B-8500-60ECB761AF1E}.Release|Mixed Platforms.Build.0 = Release|x86
		{35971F4C-F0E3-4D0B-8500-60ECB761AF1E}.Release|Win32.ActiveCfg = Release|x86
		{35971F4C-F0E3-4D0B-8500-60ECB761AF1E}.Release|x86.ActiveCfg = Release|x86
		{35971F4C-F0E3-4D0B-8500-60ECB761AF1E}.Release|x86.Build.0 = Release|x86
		{F6805C3F-DF9C-424A-A27F-2BBFF2707221}.Debug|Any CPU.ActiveCfg = Debug|Any CPU
		{F6805C3F-DF9C-424A-A27F-2BBFF2707221}.Debug|Any CPU.Build.0 = Debug|Any CPU
		{F6805C3F-DF9C-424A-A27F-2BBFF2707221}.Debug|Mixed Platforms.ActiveCfg = Debug|Any CPU
		{F6805C3F-DF9C-424A-A27F-2BBFF2707221}.Debug|Mixed Platforms.Build.0 = Debug|Any CPU
		{F6805C3F-DF9C-424A-A27F-2BBFF2707221}.Debug|Win32.ActiveCfg = Debug|Any CPU
		{F6805C3F-DF9C-424A-A27F-2BBFF2707221}.Debug|x86.ActiveCfg = Debug|Any CPU
		{F6805C3F-DF9C-424A-A27F-2BBFF2707221}.OpenRaTryCompile|Any CPU.ActiveCfg = OpenRaTryCompile|Any CPU
		{F6805C3F-DF9C-424A-A27F-2BBFF2707221}.OpenRaTryCompile|Any CPU.Build.0 = OpenRaTryCompile|Any CPU
		{F6805C3F-DF9C-424A-A27F-2BBFF2707221}.OpenRaTryCompile|Mixed Platforms.ActiveCfg = OpenRaTryCompile|x86
		{F6805C3F-DF9C-424A-A27F-2BBFF2707221}.OpenRaTryCompile|Mixed Platforms.Build.0 = OpenRaTryCompile|x86
		{F6805C3F-DF9C-424A-A27F-2BBFF2707221}.OpenRaTryCompile|Win32.ActiveCfg = OpenRaTryCompile|x86
		{F6805C3F-DF9C-424A-A27F-2BBFF2707221}.OpenRaTryCompile|Win32.Build.0 = OpenRaTryCompile|x86
		{F6805C3F-DF9C-424A-A27F-2BBFF2707221}.OpenRaTryCompile|x86.ActiveCfg = OpenRaTryCompile|x86
		{F6805C3F-DF9C-424A-A27F-2BBFF2707221}.OpenRaTryCompile|x86.Build.0 = OpenRaTryCompile|x86
		{F6805C3F-DF9C-424A-A27F-2BBFF2707221}.Release|Any CPU.ActiveCfg = Release|Any CPU
		{F6805C3F-DF9C-424A-A27F-2BBFF2707221}.Release|Any CPU.Build.0 = Release|Any CPU
		{F6805C3F-DF9C-424A-A27F-2BBFF2707221}.Release|Mixed Platforms.ActiveCfg = Release|Any CPU
		{F6805C3F-DF9C-424A-A27F-2BBFF2707221}.Release|Mixed Platforms.Build.0 = Release|Any CPU
		{F6805C3F-DF9C-424A-A27F-2BBFF2707221}.Release|Win32.ActiveCfg = Release|Any CPU
		{F6805C3F-DF9C-424A-A27F-2BBFF2707221}.Release|x86.ActiveCfg = Release|Any CPU
		{468DF034-0318-4E48-A0B9-E9D97E77CE8C}.Debug|Any CPU.ActiveCfg = Debug|Win32
		{468DF034-0318-4E48-A0B9-E9D97E77CE8C}.Debug|Mixed Platforms.ActiveCfg = Debug|Win32
		{468DF034-0318-4E48-A0B9-E9D97E77CE8C}.Debug|Mixed Platforms.Build.0 = Debug|Win32
		{468DF034-0318-4E48-A0B9-E9D97E77CE8C}.Debug|Win32.ActiveCfg = Debug|Win32
		{468DF034-0318-4E48-A0B9-E9D97E77CE8C}.Debug|Win32.Build.0 = Debug|Win32
		{468DF034-0318-4E48-A0B9-E9D97E77CE8C}.Debug|x86.ActiveCfg = Debug|Win32
		{468DF034-0318-4E48-A0B9-E9D97E77CE8C}.OpenRaTryCompile|Any CPU.ActiveCfg = OpenRaTryCompile|Win32
		{468DF034-0318-4E48-A0B9-E9D97E77CE8C}.OpenRaTryCompile|Mixed Platforms.ActiveCfg = OpenRaTryCompile|Win32
		{468DF034-0318-4E48-A0B9-E9D97E77CE8C}.OpenRaTryCompile|Mixed Platforms.Build.0 = OpenRaTryCompile|Win32
		{468DF034-0318-4E48-A0B9-E9D97E77CE8C}.OpenRaTryCompile|Win32.ActiveCfg = OpenRaTryCompile|Win32
		{468DF034-0318-4E48-A0B9-E9D97E77CE8C}.OpenRaTryCompile|Win32.Build.0 = OpenRaTryCompile|Win32
		{468DF034-0318-4E48-A0B9-E9D97E77CE8C}.OpenRaTryCompile|x86.ActiveCfg = OpenRaTryCompile|Win32
		{468DF034-0318-4E48-A0B9-E9D97E77CE8C}.OpenRaTryCompile|x86.Build.0 = OpenRaTryCompile|Win32
		{468DF034-0318-4E48-A0B9-E9D97E77CE8C}.Release|Any CPU.ActiveCfg = Release|Win32
		{468DF034-0318-4E48-A0B9-E9D97E77CE8C}.Release|Mixed Platforms.ActiveCfg = Release|Win32
		{468DF034-0318-4E48-A0B9-E9D97E77CE8C}.Release|Mixed Platforms.Build.0 = Release|Win32
		{468DF034-0318-4E48-A0B9-E9D97E77CE8C}.Release|Win32.ActiveCfg = Release|Win32
		{468DF034-0318-4E48-A0B9-E9D97E77CE8C}.Release|Win32.Build.0 = Release|Win32
		{468DF034-0318-4E48-A0B9-E9D97E77CE8C}.Release|x86.ActiveCfg = Release|Win32
		{1B6CF014-6CBD-4A06-A4DE-50656C61B5C7}.Debug|Any CPU.ActiveCfg = Debug|Any CPU
		{1B6CF014-6CBD-4A06-A4DE-50656C61B5C7}.Debug|Any CPU.Build.0 = Debug|Any CPU
		{1B6CF014-6CBD-4A06-A4DE-50656C61B5C7}.Debug|Mixed Platforms.ActiveCfg = Debug|Any CPU
		{1B6CF014-6CBD-4A06-A4DE-50656C61B5C7}.Debug|Mixed Platforms.Build.0 = Debug|Any CPU
		{1B6CF014-6CBD-4A06-A4DE-50656C61B5C7}.Debug|Win32.ActiveCfg = Debug|Any CPU
		{1B6CF014-6CBD-4A06-A4DE-50656C61B5C7}.Debug|x86.ActiveCfg = Debug|Any CPU
		{1B6CF014-6CBD-4A06-A4DE-50656C61B5C7}.OpenRaTryCompile|Any CPU.ActiveCfg = Release|Any CPU
		{1B6CF014-6CBD-4A06-A4DE-50656C61B5C7}.OpenRaTryCompile|Any CPU.Build.0 = Release|Any CPU
		{1B6CF014-6CBD-4A06-A4DE-50656C61B5C7}.OpenRaTryCompile|Mixed Platforms.ActiveCfg = Release|Any CPU
		{1B6CF014-6CBD-4A06-A4DE-50656C61B5C7}.OpenRaTryCompile|Mixed Platforms.Build.0 = Release|Any CPU
		{1B6CF014-6CBD-4A06-A4DE-50656C61B5C7}.OpenRaTryCompile|Win32.ActiveCfg = Release|Any CPU
		{1B6CF014-6CBD-4A06-A4DE-50656C61B5C7}.OpenRaTryCompile|x86.ActiveCfg = Release|Any CPU
		{1B6CF014-6CBD-4A06-A4DE-50656C61B5C7}.Release|Any CPU.ActiveCfg = Release|Any CPU
		{1B6CF014-6CBD-4A06-A4DE-50656C61B5C7}.Release|Any CPU.Build.0 = Release|Any CPU
		{1B6CF014-6CBD-4A06-A4DE-50656C61B5C7}.Release|Mixed Platforms.ActiveCfg = Release|Any CPU
		{1B6CF014-6CBD-4A06-A4DE-50656C61B5C7}.Release|Mixed Platforms.Build.0 = Release|Any CPU
		{1B6CF014-6CBD-4A06-A4DE-50656C61B5C7}.Release|Win32.ActiveCfg = Release|Any CPU
		{1B6CF014-6CBD-4A06-A4DE-50656C61B5C7}.Release|x86.ActiveCfg = Release|Any CPU
	EndGlobalSection
	GlobalSection(SolutionProperties) = preSolution
		HideSolutionNode = FALSE
	EndGlobalSection
	GlobalSection(NestedProjects) = preSolution
		{EE8B9057-95F4-4AB9-BC91-F0ED3D56FE38} = {A0B28E32-7BB3-4465-9B77-8BCF06C68581}
		{25423DB3-1CAF-42AF-9122-8922DA6A2E53} = {A0B28E32-7BB3-4465-9B77-8BCF06C68581}
		{64825421-C03C-4F00-92D9-1A3822D4022F} = {A0B28E32-7BB3-4465-9B77-8BCF06C68581}
		{2F7063CF-FFF5-4F2E-9643-1ACB96A889E5} = {A0B28E32-7BB3-4465-9B77-8BCF06C68581}
		{468DF034-0318-4E48-A0B9-E9D97E77CE8C} = {A0B28E32-7BB3-4465-9B77-8BCF06C68581}
		{D5B3D733-B6AB-4574-ABFF-651A5BBC3B33} = {BA2C624C-A9B0-4DB1-81B2-C9400171914A}
		{FFDA9130-7264-483B-A65B-03339763A2F2} = {BA2C624C-A9B0-4DB1-81B2-C9400171914A}
		{35971F4C-F0E3-4D0B-8500-60ECB761AF1E} = {BA2C624C-A9B0-4DB1-81B2-C9400171914A}
		{F6805C3F-DF9C-424A-A27F-2BBFF2707221} = {64825421-C03C-4F00-92D9-1A3822D4022F}
		{10CEF783-53C3-42A7-940A-73773A2AF24F} = {64825421-C03C-4F00-92D9-1A3822D4022F}
		{1B6CF014-6CBD-4A06-A4DE-50656C61B5C7} = {64825421-C03C-4F00-92D9-1A3822D4022F}
		{6C4BC5D1-CE1E-4152-AB7D-0EE10C64496D} = {2F7063CF-FFF5-4F2E-9643-1ACB96A889E5}
	EndGlobalSection
	GlobalSection(MonoDevelopProperties) = preSolution
		StartupItem = MsilCodeCompiler\CodeRefractor.Compiler.csproj
	EndGlobalSection
EndGlobal
